// !$*UTF8*$!
{
	archiveVersion = 1;
	classes = {
	};
	objectVersion = 56;
	objects = {

/* Begin PBXBuildFile section */
		F91801792BAABF55007A4463 /* WheelPickerApp.swift in Sources */ = {isa = PBXBuildFile; fileRef = F91801782BAABF55007A4463 /* WheelPickerApp.swift */; };
		F918017B2BAABF7C007A4463 /* WheelPicker.swift in Sources */ = {isa = PBXBuildFile; fileRef = F918017A2BAABF7C007A4463 /* WheelPicker.swift */; };
		F91801812BAAD034007A4463 /* CardItem.swift in Sources */ = {isa = PBXBuildFile; fileRef = F91801802BAAD034007A4463 /* CardItem.swift */; };
		F91801832BAAD0D1007A4463 /* CardContentView.swift in Sources */ = {isa = PBXBuildFile; fileRef = F91801822BAAD0D1007A4463 /* CardContentView.swift */; };
		F91801882BAB142C007A4463 /* YouTubeTab.swift in Sources */ = {isa = PBXBuildFile; fileRef = F91801872BAB142C007A4463 /* YouTubeTab.swift */; };
		F918018A2BAB14B0007A4463 /* YouTubeHome.swift in Sources */ = {isa = PBXBuildFile; fileRef = F91801892BAB14B0007A4463 /* YouTubeHome.swift */; };
		F918018C2BAB159C007A4463 /* YouTubeApp.swift in Sources */ = {isa = PBXBuildFile; fileRef = F918018B2BAB159C007A4463 /* YouTubeApp.swift */; };
		F918018E2BAB19AE007A4463 /* PlayerItem.swift in Sources */ = {isa = PBXBuildFile; fileRef = F918018D2BAB19AE007A4463 /* PlayerItem.swift */; };
		F91801902BAB1D26007A4463 /* PlayerConfig.swift in Sources */ = {isa = PBXBuildFile; fileRef = F918018F2BAB1D26007A4463 /* PlayerConfig.swift */; };
		F91801922BAB1E4E007A4463 /* MiniPlayerView.swift in Sources */ = {isa = PBXBuildFile; fileRef = F91801912BAB1E4E007A4463 /* MiniPlayerView.swift */; };
		F91801952BABC1EF007A4463 /* AppleMapTab.swift in Sources */ = {isa = PBXBuildFile; fileRef = F91801942BABC1EF007A4463 /* AppleMapTab.swift */; };
		F91801992BABC291007A4463 /* AppleMapContentView.swift in Sources */ = {isa = PBXBuildFile; fileRef = F91801982BABC291007A4463 /* AppleMapContentView.swift */; };
		F918019B2BABC620007A4463 /* BottomSheetHelper.swift in Sources */ = {isa = PBXBuildFile; fileRef = F918019A2BABC620007A4463 /* BottomSheetHelper.swift */; };
		F918019E2BAC0567007A4463 /* StretchSliderApp.swift in Sources */ = {isa = PBXBuildFile; fileRef = F918019D2BAC0567007A4463 /* StretchSliderApp.swift */; };
		F91801A02BAC05CD007A4463 /* CustomSlider.swift in Sources */ = {isa = PBXBuildFile; fileRef = F918019F2BAC05CD007A4463 /* CustomSlider.swift */; };
		F91801A52BAC5B8C007A4463 /* Todo.swift in Sources */ = {isa = PBXBuildFile; fileRef = F91801A42BAC5B8C007A4463 /* Todo.swift */; };
		F91801A82BAC5CA8007A4463 /* TodoHome.swift in Sources */ = {isa = PBXBuildFile; fileRef = F91801A72BAC5CA8007A4463 /* TodoHome.swift */; };
		F91801AA2BAC5CDD007A4463 /* MainTodoApp.swift in Sources */ = {isa = PBXBuildFile; fileRef = F91801A92BAC5CDD007A4463 /* MainTodoApp.swift */; };
		F91801AC2BAC5FF1007A4463 /* CompletedTodoList.swift in Sources */ = {isa = PBXBuildFile; fileRef = F91801AB2BAC5FF1007A4463 /* CompletedTodoList.swift */; };
		F91801AE2BAC630A007A4463 /* TodoRowView.swift in Sources */ = {isa = PBXBuildFile; fileRef = F91801AD2BAC6309007A4463 /* TodoRowView.swift */; };
		F91801B62BAC710B007A4463 /* WidgetKit.framework in Frameworks */ = {isa = PBXBuildFile; fileRef = F91801B52BAC710B007A4463 /* WidgetKit.framework */; };
		F91801B82BAC710B007A4463 /* SwiftUI.framework in Frameworks */ = {isa = PBXBuildFile; fileRef = F91801B72BAC710B007A4463 /* SwiftUI.framework */; };
		F91801BB2BAC710B007A4463 /* TodoListBundle.swift in Sources */ = {isa = PBXBuildFile; fileRef = F91801BA2BAC710B007A4463 /* TodoListBundle.swift */; };
		F91801BD2BAC710B007A4463 /* TodoListLiveActivity.swift in Sources */ = {isa = PBXBuildFile; fileRef = F91801BC2BAC710B007A4463 /* TodoListLiveActivity.swift */; };
		F91801BF2BAC710B007A4463 /* TodoList.swift in Sources */ = {isa = PBXBuildFile; fileRef = F91801BE2BAC710B007A4463 /* TodoList.swift */; };
		F91801C12BAC710B007A4463 /* AppIntent.swift in Sources */ = {isa = PBXBuildFile; fileRef = F91801C02BAC710B007A4463 /* AppIntent.swift */; };
		F91801C32BAC710C007A4463 /* Assets.xcassets in Resources */ = {isa = PBXBuildFile; fileRef = F91801C22BAC710C007A4463 /* Assets.xcassets */; };
		F91801C72BAC710C007A4463 /* TodoListExtension.appex in Embed Foundation Extensions */ = {isa = PBXBuildFile; fileRef = F91801B32BAC710B007A4463 /* TodoListExtension.appex */; settings = {ATTRIBUTES = (RemoveHeadersOnCopy, ); }; };
		F91801CC2BAC7133007A4463 /* Todo.swift in Sources */ = {isa = PBXBuildFile; fileRef = F91801A42BAC5B8C007A4463 /* Todo.swift */; };
		F91801D12BAD53C2007A4463 /* MainTaskManagementApp.swift in Sources */ = {isa = PBXBuildFile; fileRef = F91801D02BAD53C2007A4463 /* MainTaskManagementApp.swift */; };
		F91801D42BAD54D9007A4463 /* Task.swift in Sources */ = {isa = PBXBuildFile; fileRef = F91801D32BAD54D9007A4463 /* Task.swift */; };
		F91801D72BAD56C0007A4463 /* View + Extension.swift in Sources */ = {isa = PBXBuildFile; fileRef = F91801D62BAD56C0007A4463 /* View + Extension.swift */; };
		F91801D92BAD56CD007A4463 /* Date + Extension.swift in Sources */ = {isa = PBXBuildFile; fileRef = F91801D82BAD56CD007A4463 /* Date + Extension.swift */; };
		F91801DC2BAD576B007A4463 /* TaskHome.swift in Sources */ = {isa = PBXBuildFile; fileRef = F91801DB2BAD576B007A4463 /* TaskHome.swift */; };
		F950A7802BB5012300B3B132 /* MainScrollAniView.swift in Sources */ = {isa = PBXBuildFile; fileRef = F950A77F2BB5012300B3B132 /* MainScrollAniView.swift */; };
		F950A7832BB5013700B3B132 /* ScrollExpense.swift in Sources */ = {isa = PBXBuildFile; fileRef = F950A7822BB5013700B3B132 /* ScrollExpense.swift */; };
		F950A7862BB502BF00B3B132 /* ScrollHome.swift in Sources */ = {isa = PBXBuildFile; fileRef = F950A7852BB502BF00B3B132 /* ScrollHome.swift */; };
		F950A7882BB5060B00B3B132 /* ScrollCard.swift in Sources */ = {isa = PBXBuildFile; fileRef = F950A7872BB5060B00B3B132 /* ScrollCard.swift */; };
		F96C43A82BB7C2BD001D9678 /* MainCarouselView.swift in Sources */ = {isa = PBXBuildFile; fileRef = F96C43A72BB7C2BD001D9678 /* MainCarouselView.swift */; };
		F96C43AB2BB7C2D7001D9678 /* CarouselView.swift in Sources */ = {isa = PBXBuildFile; fileRef = F96C43AA2BB7C2D7001D9678 /* CarouselView.swift */; };
		F96C43AD2BB7C2EB001D9678 /* CarouselViewChild.swift in Sources */ = {isa = PBXBuildFile; fileRef = F96C43AC2BB7C2EB001D9678 /* CarouselViewChild.swift */; };
		F98D65222BAD6D1F00EC7A4F /* IntroScreen.swift in Sources */ = {isa = PBXBuildFile; fileRef = F98D65212BAD6D1F00EC7A4F /* IntroScreen.swift */; };
		F98D65252BAD753300EC7A4F /* Constans.swift in Sources */ = {isa = PBXBuildFile; fileRef = F98D65242BAD753300EC7A4F /* Constans.swift */; };
		F98D65272BAD78F300EC7A4F /* ExpenseTab.swift in Sources */ = {isa = PBXBuildFile; fileRef = F98D65262BAD78F300EC7A4F /* ExpenseTab.swift */; };
		F98D65292BAD7F5200EC7A4F /* MainExpenseTrackerApp.swift in Sources */ = {isa = PBXBuildFile; fileRef = F98D65282BAD7F5200EC7A4F /* MainExpenseTrackerApp.swift */; };
		F98D652B2BAD822600EC7A4F /* ExpenseCategory.swift in Sources */ = {isa = PBXBuildFile; fileRef = F98D652A2BAD822600EC7A4F /* ExpenseCategory.swift */; };
		F98D652D2BAD824400EC7A4F /* Transaction.swift in Sources */ = {isa = PBXBuildFile; fileRef = F98D652C2BAD824400EC7A4F /* Transaction.swift */; };
		F98D652F2BAD82A800EC7A4F /* TintColor.swift in Sources */ = {isa = PBXBuildFile; fileRef = F98D652E2BAD82A800EC7A4F /* TintColor.swift */; };
		F98D65322BAD838C00EC7A4F /* Recents.swift in Sources */ = {isa = PBXBuildFile; fileRef = F98D65312BAD838C00EC7A4F /* Recents.swift */; };
		F98D65342BAD839000EC7A4F /* Search.swift in Sources */ = {isa = PBXBuildFile; fileRef = F98D65332BAD839000EC7A4F /* Search.swift */; };
		F98D65362BAD839A00EC7A4F /* Graphs.swift in Sources */ = {isa = PBXBuildFile; fileRef = F98D65352BAD839A00EC7A4F /* Graphs.swift */; };
		F98D65382BAD839D00EC7A4F /* Settings.swift in Sources */ = {isa = PBXBuildFile; fileRef = F98D65372BAD839D00EC7A4F /* Settings.swift */; };
		F98D653A2BAD84C200EC7A4F /* View+Extensions.swift in Sources */ = {isa = PBXBuildFile; fileRef = F98D65392BAD84C200EC7A4F /* View+Extensions.swift */; };
		F98D653C2BADAEF700EC7A4F /* Date+Extensions.swift in Sources */ = {isa = PBXBuildFile; fileRef = F98D653B2BADAEF700EC7A4F /* Date+Extensions.swift */; };
		F98D653F2BADB08100EC7A4F /* CardViews.swift in Sources */ = {isa = PBXBuildFile; fileRef = F98D653E2BADB08100EC7A4F /* CardViews.swift */; };
		F98D65412BADB6D600EC7A4F /* TransactionCardView.swift in Sources */ = {isa = PBXBuildFile; fileRef = F98D65402BADB6D600EC7A4F /* TransactionCardView.swift */; };
		F98D65432BADCE3700EC7A4F /* DateFilterView.swift in Sources */ = {isa = PBXBuildFile; fileRef = F98D65422BADCE3700EC7A4F /* DateFilterView.swift */; };
		F98D65452BADD20400EC7A4F /* LockView.swift in Sources */ = {isa = PBXBuildFile; fileRef = F98D65442BADD20400EC7A4F /* LockView.swift */; };
		F98D654B2BB0FBDD00EC7A4F /* MainTagsView.swift in Sources */ = {isa = PBXBuildFile; fileRef = F98D654A2BB0FBDD00EC7A4F /* MainTagsView.swift */; };
		F98D654D2BB1004200EC7A4F /* TagLayout.swift in Sources */ = {isa = PBXBuildFile; fileRef = F98D654C2BB1004200EC7A4F /* TagLayout.swift */; };
		F99CB3C12B9EBDEA000D7671 /* SwiftUI_Clone_AppApp.swift in Sources */ = {isa = PBXBuildFile; fileRef = F99CB3C02B9EBDEA000D7671 /* SwiftUI_Clone_AppApp.swift */; };
		F99CB3C32B9EBDEA000D7671 /* ContentView.swift in Sources */ = {isa = PBXBuildFile; fileRef = F99CB3C22B9EBDEA000D7671 /* ContentView.swift */; };
		F99CB3C52B9EBDEB000D7671 /* Assets.xcassets in Resources */ = {isa = PBXBuildFile; fileRef = F99CB3C42B9EBDEB000D7671 /* Assets.xcassets */; };
		F99CB3C82B9EBDEB000D7671 /* Preview Assets.xcassets in Resources */ = {isa = PBXBuildFile; fileRef = F99CB3C72B9EBDEB000D7671 /* Preview Assets.xcassets */; };
		F99CB3D72B9ED363000D7671 /* Airbnb.swift in Sources */ = {isa = PBXBuildFile; fileRef = F99CB3D62B9ED363000D7671 /* Airbnb.swift */; };
		F99CB3E02B9ED483000D7671 /* ExploreView.swift in Sources */ = {isa = PBXBuildFile; fileRef = F99CB3DF2B9ED483000D7671 /* ExploreView.swift */; };
		F99CB3E22B9ED58C000D7671 /* ListingItemView.swift in Sources */ = {isa = PBXBuildFile; fileRef = F99CB3E12B9ED58C000D7671 /* ListingItemView.swift */; };
		F99CB3E42BA01F6E000D7671 /* SearchAndFilterBar.swift in Sources */ = {isa = PBXBuildFile; fileRef = F99CB3E32BA01F6E000D7671 /* SearchAndFilterBar.swift */; };
		F99CB3E62BA02AE3000D7671 /* ListingDetailView.swift in Sources */ = {isa = PBXBuildFile; fileRef = F99CB3E52BA02AE3000D7671 /* ListingDetailView.swift */; };
		F99CB3E92BA02E3D000D7671 /* ListingImageCarouselView.swift in Sources */ = {isa = PBXBuildFile; fileRef = F99CB3E82BA02E3D000D7671 /* ListingImageCarouselView.swift */; };
		F99CB3EB2BA165FA000D7671 /* DestinationSearchView.swift in Sources */ = {isa = PBXBuildFile; fileRef = F99CB3EA2BA165FA000D7671 /* DestinationSearchView.swift */; };
		F99CB3ED2BA2C322000D7671 /* ProfileView.swift in Sources */ = {isa = PBXBuildFile; fileRef = F99CB3EC2BA2C322000D7671 /* ProfileView.swift */; };
		F99CB3EF2BA2C45A000D7671 /* ProfileOptionRowView.swift in Sources */ = {isa = PBXBuildFile; fileRef = F99CB3EE2BA2C45A000D7671 /* ProfileOptionRowView.swift */; };
		F99CB3F12BA2C520000D7671 /* WishlistsView.swift in Sources */ = {isa = PBXBuildFile; fileRef = F99CB3F02BA2C520000D7671 /* WishlistsView.swift */; };
		F99CB3F32BA2C64A000D7671 /* MainTabView.swift in Sources */ = {isa = PBXBuildFile; fileRef = F99CB3F22BA2C64A000D7671 /* MainTabView.swift */; };
		F99CB3F72BA2C989000D7671 /* Listing.swift in Sources */ = {isa = PBXBuildFile; fileRef = F99CB3F62BA2C989000D7671 /* Listing.swift */; };
		F99CB3F92BA2D062000D7671 /* DeveloperPreview.swift in Sources */ = {isa = PBXBuildFile; fileRef = F99CB3F82BA2D062000D7671 /* DeveloperPreview.swift */; };
		F99CB3FE2BA2D97D000D7671 /* ExploreViewModel.swift in Sources */ = {isa = PBXBuildFile; fileRef = F99CB3FD2BA2D97D000D7671 /* ExploreViewModel.swift */; };
		F99CB4002BA2D9AE000D7671 /* ExploreService.swift in Sources */ = {isa = PBXBuildFile; fileRef = F99CB3FF2BA2D9AE000D7671 /* ExploreService.swift */; };
		F99CB4022BA2E2E2000D7671 /* Regions.swift in Sources */ = {isa = PBXBuildFile; fileRef = F99CB4012BA2E2E2000D7671 /* Regions.swift */; };
		F99CB40D2BAA7113000D7671 /* TikTokApp.swift in Sources */ = {isa = PBXBuildFile; fileRef = F99CB40C2BAA7113000D7671 /* TikTokApp.swift */; };
		F99CB4192BAA7204000D7671 /* TicTabView.swift in Sources */ = {isa = PBXBuildFile; fileRef = F99CB4182BAA7204000D7671 /* TicTabView.swift */; };
		F99CB41B2BAA7640000D7671 /* FeedView.swift in Sources */ = {isa = PBXBuildFile; fileRef = F99CB41A2BAA7640000D7671 /* FeedView.swift */; };
		F99CB41D2BAA7770000D7671 /* FeedCell.swift in Sources */ = {isa = PBXBuildFile; fileRef = F99CB41C2BAA7770000D7671 /* FeedCell.swift */; };
		F99CB41F2BAA7DAF000D7671 /* ExploreTicView.swift in Sources */ = {isa = PBXBuildFile; fileRef = F99CB41E2BAA7DAF000D7671 /* ExploreTicView.swift */; };
		F99CB4212BAA7DD3000D7671 /* UserCell.swift in Sources */ = {isa = PBXBuildFile; fileRef = F99CB4202BAA7DD3000D7671 /* UserCell.swift */; };
		F99CB4232BAA8295000D7671 /* NotificationsView.swift in Sources */ = {isa = PBXBuildFile; fileRef = F99CB4222BAA8295000D7671 /* NotificationsView.swift */; };
		F99CB4252BAA829E000D7671 /* NotificationCell.swift in Sources */ = {isa = PBXBuildFile; fileRef = F99CB4242BAA829E000D7671 /* NotificationCell.swift */; };
		F99CB4272BAA84AB000D7671 /* CurrentUserProfileView.swift in Sources */ = {isa = PBXBuildFile; fileRef = F99CB4262BAA84AB000D7671 /* CurrentUserProfileView.swift */; };
		F99CB4292BAA84D8000D7671 /* ProfileHeaderView.swift in Sources */ = {isa = PBXBuildFile; fileRef = F99CB4282BAA84D8000D7671 /* ProfileHeaderView.swift */; };
		F99CB42B2BAA84E4000D7671 /* PostGridView.swift in Sources */ = {isa = PBXBuildFile; fileRef = F99CB42A2BAA84E4000D7671 /* PostGridView.swift */; };
		F99CB42F2BAA86AF000D7671 /* UserStackView.swift in Sources */ = {isa = PBXBuildFile; fileRef = F99CB42E2BAA86AF000D7671 /* UserStackView.swift */; };
		F99CB4312BAAA3EA000D7671 /* Post.swift in Sources */ = {isa = PBXBuildFile; fileRef = F99CB4302BAAA3EA000D7671 /* Post.swift */; };
		F99CB4362BAAA452000D7671 /* FeedViewModel.swift in Sources */ = {isa = PBXBuildFile; fileRef = F99CB4352BAAA452000D7671 /* FeedViewModel.swift */; };
		F99CB4382BAAA7B8000D7671 /* CustomVideoPlayer.swift in Sources */ = {isa = PBXBuildFile; fileRef = F99CB4372BAAA7B8000D7671 /* CustomVideoPlayer.swift */; };
/* End PBXBuildFile section */

/* Begin PBXContainerItemProxy section */
		F91801C52BAC710C007A4463 /* PBXContainerItemProxy */ = {
			isa = PBXContainerItemProxy;
			containerPortal = F99CB3B52B9EBDEA000D7671 /* Project object */;
			proxyType = 1;
			remoteGlobalIDString = F91801B22BAC710B007A4463;
			remoteInfo = TodoListExtension;
		};
/* End PBXContainerItemProxy section */

/* Begin PBXCopyFilesBuildPhase section */
		F91801CB2BAC710C007A4463 /* Embed Foundation Extensions */ = {
			isa = PBXCopyFilesBuildPhase;
			buildActionMask = 2147483647;
			dstPath = "";
			dstSubfolderSpec = 13;
			files = (
				F91801C72BAC710C007A4463 /* TodoListExtension.appex in Embed Foundation Extensions */,
			);
			name = "Embed Foundation Extensions";
			runOnlyForDeploymentPostprocessing = 0;
		};
/* End PBXCopyFilesBuildPhase section */

/* Begin PBXFileReference section */
		F91801782BAABF55007A4463 /* WheelPickerApp.swift */ = {isa = PBXFileReference; lastKnownFileType = sourcecode.swift; path = WheelPickerApp.swift; sourceTree = "<group>"; };
		F918017A2BAABF7C007A4463 /* WheelPicker.swift */ = {isa = PBXFileReference; lastKnownFileType = sourcecode.swift; path = WheelPicker.swift; sourceTree = "<group>"; };
		F91801802BAAD034007A4463 /* CardItem.swift */ = {isa = PBXFileReference; lastKnownFileType = sourcecode.swift; path = CardItem.swift; sourceTree = "<group>"; };
		F91801822BAAD0D1007A4463 /* CardContentView.swift */ = {isa = PBXFileReference; lastKnownFileType = sourcecode.swift; path = CardContentView.swift; sourceTree = "<group>"; };
		F91801872BAB142C007A4463 /* YouTubeTab.swift */ = {isa = PBXFileReference; lastKnownFileType = sourcecode.swift; path = YouTubeTab.swift; sourceTree = "<group>"; };
		F91801892BAB14B0007A4463 /* YouTubeHome.swift */ = {isa = PBXFileReference; lastKnownFileType = sourcecode.swift; path = YouTubeHome.swift; sourceTree = "<group>"; };
		F918018B2BAB159C007A4463 /* YouTubeApp.swift */ = {isa = PBXFileReference; lastKnownFileType = sourcecode.swift; path = YouTubeApp.swift; sourceTree = "<group>"; };
		F918018D2BAB19AE007A4463 /* PlayerItem.swift */ = {isa = PBXFileReference; lastKnownFileType = sourcecode.swift; path = PlayerItem.swift; sourceTree = "<group>"; };
		F918018F2BAB1D26007A4463 /* PlayerConfig.swift */ = {isa = PBXFileReference; lastKnownFileType = sourcecode.swift; path = PlayerConfig.swift; sourceTree = "<group>"; };
		F91801912BAB1E4E007A4463 /* MiniPlayerView.swift */ = {isa = PBXFileReference; lastKnownFileType = sourcecode.swift; path = MiniPlayerView.swift; sourceTree = "<group>"; };
		F91801942BABC1EF007A4463 /* AppleMapTab.swift */ = {isa = PBXFileReference; lastKnownFileType = sourcecode.swift; path = AppleMapTab.swift; sourceTree = "<group>"; };
		F91801982BABC291007A4463 /* AppleMapContentView.swift */ = {isa = PBXFileReference; lastKnownFileType = sourcecode.swift; path = AppleMapContentView.swift; sourceTree = "<group>"; };
		F918019A2BABC620007A4463 /* BottomSheetHelper.swift */ = {isa = PBXFileReference; lastKnownFileType = sourcecode.swift; path = BottomSheetHelper.swift; sourceTree = "<group>"; };
		F918019D2BAC0567007A4463 /* StretchSliderApp.swift */ = {isa = PBXFileReference; lastKnownFileType = sourcecode.swift; path = StretchSliderApp.swift; sourceTree = "<group>"; };
		F918019F2BAC05CD007A4463 /* CustomSlider.swift */ = {isa = PBXFileReference; lastKnownFileType = sourcecode.swift; path = CustomSlider.swift; sourceTree = "<group>"; };
		F91801A42BAC5B8C007A4463 /* Todo.swift */ = {isa = PBXFileReference; lastKnownFileType = sourcecode.swift; path = Todo.swift; sourceTree = "<group>"; };
		F91801A72BAC5CA8007A4463 /* TodoHome.swift */ = {isa = PBXFileReference; lastKnownFileType = sourcecode.swift; path = TodoHome.swift; sourceTree = "<group>"; };
		F91801A92BAC5CDD007A4463 /* MainTodoApp.swift */ = {isa = PBXFileReference; lastKnownFileType = sourcecode.swift; path = MainTodoApp.swift; sourceTree = "<group>"; };
		F91801AB2BAC5FF1007A4463 /* CompletedTodoList.swift */ = {isa = PBXFileReference; lastKnownFileType = sourcecode.swift; path = CompletedTodoList.swift; sourceTree = "<group>"; };
		F91801AD2BAC6309007A4463 /* TodoRowView.swift */ = {isa = PBXFileReference; lastKnownFileType = sourcecode.swift; path = TodoRowView.swift; sourceTree = "<group>"; };
		F91801B32BAC710B007A4463 /* TodoListExtension.appex */ = {isa = PBXFileReference; explicitFileType = "wrapper.app-extension"; includeInIndex = 0; path = TodoListExtension.appex; sourceTree = BUILT_PRODUCTS_DIR; };
		F91801B52BAC710B007A4463 /* WidgetKit.framework */ = {isa = PBXFileReference; lastKnownFileType = wrapper.framework; name = WidgetKit.framework; path = System/Library/Frameworks/WidgetKit.framework; sourceTree = SDKROOT; };
		F91801B72BAC710B007A4463 /* SwiftUI.framework */ = {isa = PBXFileReference; lastKnownFileType = wrapper.framework; name = SwiftUI.framework; path = System/Library/Frameworks/SwiftUI.framework; sourceTree = SDKROOT; };
		F91801BA2BAC710B007A4463 /* TodoListBundle.swift */ = {isa = PBXFileReference; lastKnownFileType = sourcecode.swift; path = TodoListBundle.swift; sourceTree = "<group>"; };
		F91801BC2BAC710B007A4463 /* TodoListLiveActivity.swift */ = {isa = PBXFileReference; lastKnownFileType = sourcecode.swift; path = TodoListLiveActivity.swift; sourceTree = "<group>"; };
		F91801BE2BAC710B007A4463 /* TodoList.swift */ = {isa = PBXFileReference; lastKnownFileType = sourcecode.swift; path = TodoList.swift; sourceTree = "<group>"; };
		F91801C02BAC710B007A4463 /* AppIntent.swift */ = {isa = PBXFileReference; lastKnownFileType = sourcecode.swift; path = AppIntent.swift; sourceTree = "<group>"; };
		F91801C22BAC710C007A4463 /* Assets.xcassets */ = {isa = PBXFileReference; lastKnownFileType = folder.assetcatalog; path = Assets.xcassets; sourceTree = "<group>"; };
		F91801C42BAC710C007A4463 /* Info.plist */ = {isa = PBXFileReference; lastKnownFileType = text.plist.xml; path = Info.plist; sourceTree = "<group>"; };
		F91801CD2BAC7A52007A4463 /* SwiftUI-Clone App.entitlements */ = {isa = PBXFileReference; lastKnownFileType = text.plist.entitlements; path = "SwiftUI-Clone App.entitlements"; sourceTree = "<group>"; };
		F91801CE2BAC7A86007A4463 /* TodoListExtension.entitlements */ = {isa = PBXFileReference; lastKnownFileType = text.plist.entitlements; path = TodoListExtension.entitlements; sourceTree = "<group>"; };
		F91801D02BAD53C2007A4463 /* MainTaskManagementApp.swift */ = {isa = PBXFileReference; lastKnownFileType = sourcecode.swift; path = MainTaskManagementApp.swift; sourceTree = "<group>"; };
		F91801D32BAD54D9007A4463 /* Task.swift */ = {isa = PBXFileReference; lastKnownFileType = sourcecode.swift; path = Task.swift; sourceTree = "<group>"; };
		F91801D62BAD56C0007A4463 /* View + Extension.swift */ = {isa = PBXFileReference; lastKnownFileType = sourcecode.swift; path = "View + Extension.swift"; sourceTree = "<group>"; };
		F91801D82BAD56CD007A4463 /* Date + Extension.swift */ = {isa = PBXFileReference; lastKnownFileType = sourcecode.swift; path = "Date + Extension.swift"; sourceTree = "<group>"; };
		F91801DB2BAD576B007A4463 /* TaskHome.swift */ = {isa = PBXFileReference; lastKnownFileType = sourcecode.swift; path = TaskHome.swift; sourceTree = "<group>"; };
		F950A77F2BB5012300B3B132 /* MainScrollAniView.swift */ = {isa = PBXFileReference; lastKnownFileType = sourcecode.swift; path = MainScrollAniView.swift; sourceTree = "<group>"; };
		F950A7822BB5013700B3B132 /* ScrollExpense.swift */ = {isa = PBXFileReference; lastKnownFileType = sourcecode.swift; path = ScrollExpense.swift; sourceTree = "<group>"; };
		F950A7852BB502BF00B3B132 /* ScrollHome.swift */ = {isa = PBXFileReference; lastKnownFileType = sourcecode.swift; path = ScrollHome.swift; sourceTree = "<group>"; };
		F950A7872BB5060B00B3B132 /* ScrollCard.swift */ = {isa = PBXFileReference; lastKnownFileType = sourcecode.swift; path = ScrollCard.swift; sourceTree = "<group>"; };
		F96C43A72BB7C2BD001D9678 /* MainCarouselView.swift */ = {isa = PBXFileReference; lastKnownFileType = sourcecode.swift; path = MainCarouselView.swift; sourceTree = "<group>"; };
		F96C43AA2BB7C2D7001D9678 /* CarouselView.swift */ = {isa = PBXFileReference; lastKnownFileType = sourcecode.swift; path = CarouselView.swift; sourceTree = "<group>"; };
		F96C43AC2BB7C2EB001D9678 /* CarouselViewChild.swift */ = {isa = PBXFileReference; lastKnownFileType = sourcecode.swift; path = CarouselViewChild.swift; sourceTree = "<group>"; };
		F98D65212BAD6D1F00EC7A4F /* IntroScreen.swift */ = {isa = PBXFileReference; lastKnownFileType = sourcecode.swift; path = IntroScreen.swift; sourceTree = "<group>"; };
		F98D65242BAD753300EC7A4F /* Constans.swift */ = {isa = PBXFileReference; lastKnownFileType = sourcecode.swift; path = Constans.swift; sourceTree = "<group>"; };
		F98D65262BAD78F300EC7A4F /* ExpenseTab.swift */ = {isa = PBXFileReference; lastKnownFileType = sourcecode.swift; path = ExpenseTab.swift; sourceTree = "<group>"; };
		F98D65282BAD7F5200EC7A4F /* MainExpenseTrackerApp.swift */ = {isa = PBXFileReference; lastKnownFileType = sourcecode.swift; path = MainExpenseTrackerApp.swift; sourceTree = "<group>"; };
		F98D652A2BAD822600EC7A4F /* ExpenseCategory.swift */ = {isa = PBXFileReference; lastKnownFileType = sourcecode.swift; path = ExpenseCategory.swift; sourceTree = "<group>"; };
		F98D652C2BAD824400EC7A4F /* Transaction.swift */ = {isa = PBXFileReference; lastKnownFileType = sourcecode.swift; path = Transaction.swift; sourceTree = "<group>"; };
		F98D652E2BAD82A800EC7A4F /* TintColor.swift */ = {isa = PBXFileReference; lastKnownFileType = sourcecode.swift; path = TintColor.swift; sourceTree = "<group>"; };
		F98D65312BAD838C00EC7A4F /* Recents.swift */ = {isa = PBXFileReference; lastKnownFileType = sourcecode.swift; path = Recents.swift; sourceTree = "<group>"; };
		F98D65332BAD839000EC7A4F /* Search.swift */ = {isa = PBXFileReference; lastKnownFileType = sourcecode.swift; path = Search.swift; sourceTree = "<group>"; };
		F98D65352BAD839A00EC7A4F /* Graphs.swift */ = {isa = PBXFileReference; lastKnownFileType = sourcecode.swift; path = Graphs.swift; sourceTree = "<group>"; };
		F98D65372BAD839D00EC7A4F /* Settings.swift */ = {isa = PBXFileReference; lastKnownFileType = sourcecode.swift; path = Settings.swift; sourceTree = "<group>"; };
		F98D65392BAD84C200EC7A4F /* View+Extensions.swift */ = {isa = PBXFileReference; lastKnownFileType = sourcecode.swift; path = "View+Extensions.swift"; sourceTree = "<group>"; };
		F98D653B2BADAEF700EC7A4F /* Date+Extensions.swift */ = {isa = PBXFileReference; lastKnownFileType = sourcecode.swift; path = "Date+Extensions.swift"; sourceTree = "<group>"; };
		F98D653E2BADB08100EC7A4F /* CardViews.swift */ = {isa = PBXFileReference; lastKnownFileType = sourcecode.swift; path = CardViews.swift; sourceTree = "<group>"; };
		F98D65402BADB6D600EC7A4F /* TransactionCardView.swift */ = {isa = PBXFileReference; lastKnownFileType = sourcecode.swift; path = TransactionCardView.swift; sourceTree = "<group>"; };
		F98D65422BADCE3700EC7A4F /* DateFilterView.swift */ = {isa = PBXFileReference; lastKnownFileType = sourcecode.swift; path = DateFilterView.swift; sourceTree = "<group>"; };
		F98D65442BADD20400EC7A4F /* LockView.swift */ = {isa = PBXFileReference; lastKnownFileType = sourcecode.swift; path = LockView.swift; sourceTree = "<group>"; };
		F98D654A2BB0FBDD00EC7A4F /* MainTagsView.swift */ = {isa = PBXFileReference; lastKnownFileType = sourcecode.swift; path = MainTagsView.swift; sourceTree = "<group>"; };
		F98D654C2BB1004200EC7A4F /* TagLayout.swift */ = {isa = PBXFileReference; lastKnownFileType = sourcecode.swift; path = TagLayout.swift; sourceTree = "<group>"; };
		F99CB3BD2B9EBDEA000D7671 /* SwiftUI-Clone App.app */ = {isa = PBXFileReference; explicitFileType = wrapper.application; includeInIndex = 0; path = "SwiftUI-Clone App.app"; sourceTree = BUILT_PRODUCTS_DIR; };
		F99CB3C02B9EBDEA000D7671 /* SwiftUI_Clone_AppApp.swift */ = {isa = PBXFileReference; lastKnownFileType = sourcecode.swift; path = SwiftUI_Clone_AppApp.swift; sourceTree = "<group>"; };
		F99CB3C22B9EBDEA000D7671 /* ContentView.swift */ = {isa = PBXFileReference; lastKnownFileType = sourcecode.swift; path = ContentView.swift; sourceTree = "<group>"; };
		F99CB3C42B9EBDEB000D7671 /* Assets.xcassets */ = {isa = PBXFileReference; lastKnownFileType = folder.assetcatalog; path = Assets.xcassets; sourceTree = "<group>"; };
		F99CB3C72B9EBDEB000D7671 /* Preview Assets.xcassets */ = {isa = PBXFileReference; lastKnownFileType = folder.assetcatalog; path = "Preview Assets.xcassets"; sourceTree = "<group>"; };
		F99CB3D62B9ED363000D7671 /* Airbnb.swift */ = {isa = PBXFileReference; lastKnownFileType = sourcecode.swift; path = Airbnb.swift; sourceTree = "<group>"; };
		F99CB3DF2B9ED483000D7671 /* ExploreView.swift */ = {isa = PBXFileReference; lastKnownFileType = sourcecode.swift; path = ExploreView.swift; sourceTree = "<group>"; };
		F99CB3E12B9ED58C000D7671 /* ListingItemView.swift */ = {isa = PBXFileReference; lastKnownFileType = sourcecode.swift; path = ListingItemView.swift; sourceTree = "<group>"; };
		F99CB3E32BA01F6E000D7671 /* SearchAndFilterBar.swift */ = {isa = PBXFileReference; lastKnownFileType = sourcecode.swift; path = SearchAndFilterBar.swift; sourceTree = "<group>"; };
		F99CB3E52BA02AE3000D7671 /* ListingDetailView.swift */ = {isa = PBXFileReference; lastKnownFileType = sourcecode.swift; path = ListingDetailView.swift; sourceTree = "<group>"; };
		F99CB3E82BA02E3D000D7671 /* ListingImageCarouselView.swift */ = {isa = PBXFileReference; lastKnownFileType = sourcecode.swift; path = ListingImageCarouselView.swift; sourceTree = "<group>"; };
		F99CB3EA2BA165FA000D7671 /* DestinationSearchView.swift */ = {isa = PBXFileReference; lastKnownFileType = sourcecode.swift; path = DestinationSearchView.swift; sourceTree = "<group>"; };
		F99CB3EC2BA2C322000D7671 /* ProfileView.swift */ = {isa = PBXFileReference; lastKnownFileType = sourcecode.swift; path = ProfileView.swift; sourceTree = "<group>"; };
		F99CB3EE2BA2C45A000D7671 /* ProfileOptionRowView.swift */ = {isa = PBXFileReference; lastKnownFileType = sourcecode.swift; path = ProfileOptionRowView.swift; sourceTree = "<group>"; };
		F99CB3F02BA2C520000D7671 /* WishlistsView.swift */ = {isa = PBXFileReference; lastKnownFileType = sourcecode.swift; path = WishlistsView.swift; sourceTree = "<group>"; };
		F99CB3F22BA2C64A000D7671 /* MainTabView.swift */ = {isa = PBXFileReference; lastKnownFileType = sourcecode.swift; path = MainTabView.swift; sourceTree = "<group>"; };
		F99CB3F62BA2C989000D7671 /* Listing.swift */ = {isa = PBXFileReference; lastKnownFileType = sourcecode.swift; path = Listing.swift; sourceTree = "<group>"; };
		F99CB3F82BA2D062000D7671 /* DeveloperPreview.swift */ = {isa = PBXFileReference; lastKnownFileType = sourcecode.swift; path = DeveloperPreview.swift; sourceTree = "<group>"; };
		F99CB3FD2BA2D97D000D7671 /* ExploreViewModel.swift */ = {isa = PBXFileReference; lastKnownFileType = sourcecode.swift; path = ExploreViewModel.swift; sourceTree = "<group>"; };
		F99CB3FF2BA2D9AE000D7671 /* ExploreService.swift */ = {isa = PBXFileReference; lastKnownFileType = sourcecode.swift; path = ExploreService.swift; sourceTree = "<group>"; };
		F99CB4012BA2E2E2000D7671 /* Regions.swift */ = {isa = PBXFileReference; lastKnownFileType = sourcecode.swift; path = Regions.swift; sourceTree = "<group>"; };
		F99CB40C2BAA7113000D7671 /* TikTokApp.swift */ = {isa = PBXFileReference; lastKnownFileType = sourcecode.swift; path = TikTokApp.swift; sourceTree = "<group>"; };
		F99CB4182BAA7204000D7671 /* TicTabView.swift */ = {isa = PBXFileReference; lastKnownFileType = sourcecode.swift; path = TicTabView.swift; sourceTree = "<group>"; };
		F99CB41A2BAA7640000D7671 /* FeedView.swift */ = {isa = PBXFileReference; lastKnownFileType = sourcecode.swift; path = FeedView.swift; sourceTree = "<group>"; };
		F99CB41C2BAA7770000D7671 /* FeedCell.swift */ = {isa = PBXFileReference; lastKnownFileType = sourcecode.swift; path = FeedCell.swift; sourceTree = "<group>"; };
		F99CB41E2BAA7DAF000D7671 /* ExploreTicView.swift */ = {isa = PBXFileReference; lastKnownFileType = sourcecode.swift; path = ExploreTicView.swift; sourceTree = "<group>"; };
		F99CB4202BAA7DD3000D7671 /* UserCell.swift */ = {isa = PBXFileReference; lastKnownFileType = sourcecode.swift; path = UserCell.swift; sourceTree = "<group>"; };
		F99CB4222BAA8295000D7671 /* NotificationsView.swift */ = {isa = PBXFileReference; lastKnownFileType = sourcecode.swift; path = NotificationsView.swift; sourceTree = "<group>"; };
		F99CB4242BAA829E000D7671 /* NotificationCell.swift */ = {isa = PBXFileReference; lastKnownFileType = sourcecode.swift; path = NotificationCell.swift; sourceTree = "<group>"; };
		F99CB4262BAA84AB000D7671 /* CurrentUserProfileView.swift */ = {isa = PBXFileReference; lastKnownFileType = sourcecode.swift; path = CurrentUserProfileView.swift; sourceTree = "<group>"; };
		F99CB4282BAA84D8000D7671 /* ProfileHeaderView.swift */ = {isa = PBXFileReference; lastKnownFileType = sourcecode.swift; path = ProfileHeaderView.swift; sourceTree = "<group>"; };
		F99CB42A2BAA84E4000D7671 /* PostGridView.swift */ = {isa = PBXFileReference; lastKnownFileType = sourcecode.swift; path = PostGridView.swift; sourceTree = "<group>"; };
		F99CB42E2BAA86AF000D7671 /* UserStackView.swift */ = {isa = PBXFileReference; lastKnownFileType = sourcecode.swift; name = UserStackView.swift; path = ../../../../../../../UserStackView.swift; sourceTree = "<group>"; };
		F99CB4302BAAA3EA000D7671 /* Post.swift */ = {isa = PBXFileReference; lastKnownFileType = sourcecode.swift; name = Post.swift; path = ../../../../../../../Post.swift; sourceTree = "<group>"; };
		F99CB4352BAAA452000D7671 /* FeedViewModel.swift */ = {isa = PBXFileReference; lastKnownFileType = sourcecode.swift; path = FeedViewModel.swift; sourceTree = "<group>"; };
		F99CB4372BAAA7B8000D7671 /* CustomVideoPlayer.swift */ = {isa = PBXFileReference; lastKnownFileType = sourcecode.swift; path = CustomVideoPlayer.swift; sourceTree = "<group>"; };
/* End PBXFileReference section */

/* Begin PBXFrameworksBuildPhase section */
		F91801B02BAC710B007A4463 /* Frameworks */ = {
			isa = PBXFrameworksBuildPhase;
			buildActionMask = 2147483647;
			files = (
				F91801B82BAC710B007A4463 /* SwiftUI.framework in Frameworks */,
				F91801B62BAC710B007A4463 /* WidgetKit.framework in Frameworks */,
			);
			runOnlyForDeploymentPostprocessing = 0;
		};
		F99CB3BA2B9EBDEA000D7671 /* Frameworks */ = {
			isa = PBXFrameworksBuildPhase;
			buildActionMask = 2147483647;
			files = (
			);
			runOnlyForDeploymentPostprocessing = 0;
		};
/* End PBXFrameworksBuildPhase section */

/* Begin PBXGroup section */
		F91801772BAABF38007A4463 /* WhellPickerApp */ = {
			isa = PBXGroup;
			children = (
				F91801782BAABF55007A4463 /* WheelPickerApp.swift */,
				F918017A2BAABF7C007A4463 /* WheelPicker.swift */,
			);
			path = WhellPickerApp;
			sourceTree = "<group>";
		};
		F918017E2BAACFD4007A4463 /* StackCard */ = {
			isa = PBXGroup;
			children = (
				F91801822BAAD0D1007A4463 /* CardContentView.swift */,
				F918017F2BAAD02B007A4463 /* Model */,
			);
			path = StackCard;
			sourceTree = "<group>";
		};
		F918017F2BAAD02B007A4463 /* Model */ = {
			isa = PBXGroup;
			children = (
				F91801802BAAD034007A4463 /* CardItem.swift */,
			);
			path = Model;
			sourceTree = "<group>";
		};
		F91801842BAB13E4007A4463 /* ComplexUI */ = {
			isa = PBXGroup;
			children = (
				F918018B2BAB159C007A4463 /* YouTubeApp.swift */,
				F91801862BAB140E007A4463 /* Model */,
				F91801852BAB1409007A4463 /* View */,
			);
			path = ComplexUI;
			sourceTree = "<group>";
		};
		F91801852BAB1409007A4463 /* View */ = {
			isa = PBXGroup;
			children = (
				F91801892BAB14B0007A4463 /* YouTubeHome.swift */,
				F91801912BAB1E4E007A4463 /* MiniPlayerView.swift */,
			);
			path = View;
			sourceTree = "<group>";
		};
		F91801862BAB140E007A4463 /* Model */ = {
			isa = PBXGroup;
			children = (
				F91801872BAB142C007A4463 /* YouTubeTab.swift */,
				F918018D2BAB19AE007A4463 /* PlayerItem.swift */,
				F918018F2BAB1D26007A4463 /* PlayerConfig.swift */,
			);
			path = Model;
			sourceTree = "<group>";
		};
		F91801932BABC168007A4463 /* AppleMapBottomSheet */ = {
			isa = PBXGroup;
			children = (
				F91801982BABC291007A4463 /* AppleMapContentView.swift */,
				F91801972BABC280007A4463 /* Model */,
				F91801962BABC27B007A4463 /* Helpers */,
			);
			path = AppleMapBottomSheet;
			sourceTree = "<group>";
		};
		F91801962BABC27B007A4463 /* Helpers */ = {
			isa = PBXGroup;
			children = (
				F918019A2BABC620007A4463 /* BottomSheetHelper.swift */,
			);
			path = Helpers;
			sourceTree = "<group>";
		};
		F91801972BABC280007A4463 /* Model */ = {
			isa = PBXGroup;
			children = (
				F91801942BABC1EF007A4463 /* AppleMapTab.swift */,
			);
			path = Model;
			sourceTree = "<group>";
		};
		F918019C2BAC04C5007A4463 /* StretchSliderApp */ = {
			isa = PBXGroup;
			children = (
				F918019D2BAC0567007A4463 /* StretchSliderApp.swift */,
				F91801A12BAC05CF007A4463 /* View */,
			);
			path = StretchSliderApp;
			sourceTree = "<group>";
		};
		F91801A12BAC05CF007A4463 /* View */ = {
			isa = PBXGroup;
			children = (
				F918019F2BAC05CD007A4463 /* CustomSlider.swift */,
			);
			path = View;
			sourceTree = "<group>";
		};
		F91801A22BAC5B67007A4463 /* SwiftDataTodo */ = {
			isa = PBXGroup;
			children = (
				F91801A92BAC5CDD007A4463 /* MainTodoApp.swift */,
				F91801A62BAC5C9B007A4463 /* View */,
				F91801A32BAC5B87007A4463 /* Model */,
			);
			path = SwiftDataTodo;
			sourceTree = "<group>";
		};
		F91801A32BAC5B87007A4463 /* Model */ = {
			isa = PBXGroup;
			children = (
				F91801A42BAC5B8C007A4463 /* Todo.swift */,
			);
			path = Model;
			sourceTree = "<group>";
		};
		F91801A62BAC5C9B007A4463 /* View */ = {
			isa = PBXGroup;
			children = (
				F91801A72BAC5CA8007A4463 /* TodoHome.swift */,
				F91801AB2BAC5FF1007A4463 /* CompletedTodoList.swift */,
				F91801AD2BAC6309007A4463 /* TodoRowView.swift */,
			);
			path = View;
			sourceTree = "<group>";
		};
		F91801B42BAC710B007A4463 /* Frameworks */ = {
			isa = PBXGroup;
			children = (
				F91801B52BAC710B007A4463 /* WidgetKit.framework */,
				F91801B72BAC710B007A4463 /* SwiftUI.framework */,
			);
			name = Frameworks;
			sourceTree = "<group>";
		};
		F91801B92BAC710B007A4463 /* TodoList */ = {
			isa = PBXGroup;
			children = (
				F91801BE2BAC710B007A4463 /* TodoList.swift */,
				F91801BA2BAC710B007A4463 /* TodoListBundle.swift */,
				F91801BC2BAC710B007A4463 /* TodoListLiveActivity.swift */,
				F91801C02BAC710B007A4463 /* AppIntent.swift */,
				F91801C22BAC710C007A4463 /* Assets.xcassets */,
				F91801C42BAC710C007A4463 /* Info.plist */,
			);
			path = TodoList;
			sourceTree = "<group>";
		};
		F91801CF2BAD53AB007A4463 /* Task Management App */ = {
			isa = PBXGroup;
			children = (
				F91801D02BAD53C2007A4463 /* MainTaskManagementApp.swift */,
				F91801DA2BAD5756007A4463 /* View */,
				F91801D52BAD56AE007A4463 /* Helper */,
				F91801D22BAD54B2007A4463 /* Model */,
			);
			path = "Task Management App";
			sourceTree = "<group>";
		};
		F91801D22BAD54B2007A4463 /* Model */ = {
			isa = PBXGroup;
			children = (
				F91801D32BAD54D9007A4463 /* Task.swift */,
			);
			path = Model;
			sourceTree = "<group>";
		};
		F91801D52BAD56AE007A4463 /* Helper */ = {
			isa = PBXGroup;
			children = (
				F91801D62BAD56C0007A4463 /* View + Extension.swift */,
				F91801D82BAD56CD007A4463 /* Date + Extension.swift */,
			);
			path = Helper;
			sourceTree = "<group>";
		};
		F91801DA2BAD5756007A4463 /* View */ = {
			isa = PBXGroup;
			children = (
				F91801DB2BAD576B007A4463 /* TaskHome.swift */,
			);
			path = View;
			sourceTree = "<group>";
		};
		F950A77E2BB500E400B3B132 /* ScrollAnimation */ = {
			isa = PBXGroup;
			children = (
				F950A77F2BB5012300B3B132 /* MainScrollAniView.swift */,
				F950A7842BB502B600B3B132 /* View */,
				F950A7812BB5012600B3B132 /* Model */,
			);
			path = ScrollAnimation;
			sourceTree = "<group>";
		};
		F950A7812BB5012600B3B132 /* Model */ = {
			isa = PBXGroup;
			children = (
				F950A7822BB5013700B3B132 /* ScrollExpense.swift */,
				F950A7872BB5060B00B3B132 /* ScrollCard.swift */,
			);
			path = Model;
			sourceTree = "<group>";
		};
		F950A7842BB502B600B3B132 /* View */ = {
			isa = PBXGroup;
			children = (
				F950A7852BB502BF00B3B132 /* ScrollHome.swift */,
			);
			path = View;
			sourceTree = "<group>";
		};
		F96C43A42BB7C28E001D9678 /* CarouselView */ = {
			isa = PBXGroup;
			children = (
				F96C43A72BB7C2BD001D9678 /* MainCarouselView.swift */,
				F96C43A92BB7C2CB001D9678 /* View */,
			);
			path = CarouselView;
			sourceTree = "<group>";
		};
		F96C43A92BB7C2CB001D9678 /* View */ = {
			isa = PBXGroup;
			children = (
				F96C43AA2BB7C2D7001D9678 /* CarouselView.swift */,
				F96C43AC2BB7C2EB001D9678 /* CarouselViewChild.swift */,
			);
			path = View;
			sourceTree = "<group>";
		};
		F98D651E2BAD6CD700EC7A4F /* ExpenseTrackerApp */ = {
			isa = PBXGroup;
			children = (
				F98D65282BAD7F5200EC7A4F /* MainExpenseTrackerApp.swift */,
				F98D65232BAD752600EC7A4F /* Helpers */,
				F98D65202BAD6D0D00EC7A4F /* Model */,
				F98D651F2BAD6D0500EC7A4F /* View */,
			);
			path = ExpenseTrackerApp;
			sourceTree = "<group>";
		};
		F98D651F2BAD6D0500EC7A4F /* View */ = {
			isa = PBXGroup;
			children = (
				F98D65212BAD6D1F00EC7A4F /* IntroScreen.swift */,
				F98D653D2BADB07300EC7A4F /* Helpers */,
				F98D65302BAD837500EC7A4F /* TabViews */,
			);
			path = View;
			sourceTree = "<group>";
		};
		F98D65202BAD6D0D00EC7A4F /* Model */ = {
			isa = PBXGroup;
			children = (
				F98D65262BAD78F300EC7A4F /* ExpenseTab.swift */,
				F98D652A2BAD822600EC7A4F /* ExpenseCategory.swift */,
				F98D652C2BAD824400EC7A4F /* Transaction.swift */,
				F98D652E2BAD82A800EC7A4F /* TintColor.swift */,
			);
			path = Model;
			sourceTree = "<group>";
		};
		F98D65232BAD752600EC7A4F /* Helpers */ = {
			isa = PBXGroup;
			children = (
				F98D65242BAD753300EC7A4F /* Constans.swift */,
				F98D65392BAD84C200EC7A4F /* View+Extensions.swift */,
				F98D653B2BADAEF700EC7A4F /* Date+Extensions.swift */,
				F98D65442BADD20400EC7A4F /* LockView.swift */,
			);
			path = Helpers;
			sourceTree = "<group>";
		};
		F98D65302BAD837500EC7A4F /* TabViews */ = {
			isa = PBXGroup;
			children = (
				F98D65312BAD838C00EC7A4F /* Recents.swift */,
				F98D65332BAD839000EC7A4F /* Search.swift */,
				F98D65352BAD839A00EC7A4F /* Graphs.swift */,
				F98D65372BAD839D00EC7A4F /* Settings.swift */,
			);
			path = TabViews;
			sourceTree = "<group>";
		};
		F98D653D2BADB07300EC7A4F /* Helpers */ = {
			isa = PBXGroup;
			children = (
				F98D653E2BADB08100EC7A4F /* CardViews.swift */,
				F98D65402BADB6D600EC7A4F /* TransactionCardView.swift */,
				F98D65422BADCE3700EC7A4F /* DateFilterView.swift */,
			);
			path = Helpers;
			sourceTree = "<group>";
		};
		F98D65462BB0FA2800EC7A4F /* Tags View */ = {
			isa = PBXGroup;
			children = (
				F98D654A2BB0FBDD00EC7A4F /* MainTagsView.swift */,
				F98D65472BB0FA4200EC7A4F /* Layouts */,
			);
			path = "Tags View";
			sourceTree = "<group>";
		};
		F98D65472BB0FA4200EC7A4F /* Layouts */ = {
			isa = PBXGroup;
			children = (
				F98D654C2BB1004200EC7A4F /* TagLayout.swift */,
			);
			path = Layouts;
			sourceTree = "<group>";
		};
		F99CB3B42B9EBDEA000D7671 = {
			isa = PBXGroup;
			children = (
				F91801CE2BAC7A86007A4463 /* TodoListExtension.entitlements */,
				F99CB3BF2B9EBDEA000D7671 /* SwiftUI-Clone App */,
				F91801B92BAC710B007A4463 /* TodoList */,
				F91801B42BAC710B007A4463 /* Frameworks */,
				F99CB3BE2B9EBDEA000D7671 /* Products */,
			);
			sourceTree = "<group>";
		};
		F99CB3BE2B9EBDEA000D7671 /* Products */ = {
			isa = PBXGroup;
			children = (
				F99CB3BD2B9EBDEA000D7671 /* SwiftUI-Clone App.app */,
				F91801B32BAC710B007A4463 /* TodoListExtension.appex */,
			);
			name = Products;
			sourceTree = "<group>";
		};
		F99CB3BF2B9EBDEA000D7671 /* SwiftUI-Clone App */ = {
			isa = PBXGroup;
			children = (
				F91801CD2BAC7A52007A4463 /* SwiftUI-Clone App.entitlements */,
				F99CB3C42B9EBDEB000D7671 /* Assets.xcassets */,
				F99CB3C62B9EBDEB000D7671 /* Preview Content */,
				F99CB3CE2B9EBE52000D7671 /* App */,
				F99CB3CF2B9EBE68000D7671 /* Airbnb */,
				F99CB4042BAA704F000D7671 /* TikTok */,
				F918017E2BAACFD4007A4463 /* StackCard */,
				F91801772BAABF38007A4463 /* WhellPickerApp */,
				F91801842BAB13E4007A4463 /* ComplexUI */,
				F91801932BABC168007A4463 /* AppleMapBottomSheet */,
				F91801A22BAC5B67007A4463 /* SwiftDataTodo */,
				F91801CF2BAD53AB007A4463 /* Task Management App */,
				F918019C2BAC04C5007A4463 /* StretchSliderApp */,
				F98D65462BB0FA2800EC7A4F /* Tags View */,
				F950A77E2BB500E400B3B132 /* ScrollAnimation */,
				F96C43A42BB7C28E001D9678 /* CarouselView */,
				F98D651E2BAD6CD700EC7A4F /* ExpenseTrackerApp */,
			);
			path = "SwiftUI-Clone App";
			sourceTree = "<group>";
		};
		F99CB3C62B9EBDEB000D7671 /* Preview Content */ = {
			isa = PBXGroup;
			children = (
				F99CB3C72B9EBDEB000D7671 /* Preview Assets.xcassets */,
			);
			path = "Preview Content";
			sourceTree = "<group>";
		};
		F99CB3CE2B9EBE52000D7671 /* App */ = {
			isa = PBXGroup;
			children = (
				F99CB3C22B9EBDEA000D7671 /* ContentView.swift */,
				F99CB3C02B9EBDEA000D7671 /* SwiftUI_Clone_AppApp.swift */,
			);
			path = App;
			sourceTree = "<group>";
		};
		F99CB3CF2B9EBE68000D7671 /* Airbnb */ = {
			isa = PBXGroup;
			children = (
				F99CB3D52B9ED2EC000D7671 /* App */,
				F99CB3D42B9ED2C2000D7671 /* Utils */,
				F99CB3D22B9ED28B000D7671 /* Core */,
				F99CB3D12B9ED289000D7671 /* Extension */,
				F99CB3D02B9ED274000D7671 /* Models */,
			);
			path = Airbnb;
			sourceTree = "<group>";
		};
		F99CB3D02B9ED274000D7671 /* Models */ = {
			isa = PBXGroup;
			children = (
			);
			path = Models;
			sourceTree = "<group>";
		};
		F99CB3D12B9ED289000D7671 /* Extension */ = {
			isa = PBXGroup;
			children = (
				F99CB3F82BA2D062000D7671 /* DeveloperPreview.swift */,
				F99CB4012BA2E2E2000D7671 /* Regions.swift */,
			);
			path = Extension;
			sourceTree = "<group>";
		};
		F99CB3D22B9ED28B000D7671 /* Core */ = {
			isa = PBXGroup;
			children = (
				F99CB3E72BA02E20000D7671 /* Components */,
				F99CB3D82B9ED386000D7671 /* Explore */,
				F99CB3D92B9ED389000D7671 /* Listings */,
				F99CB3DA2B9ED38B000D7671 /* MapView */,
				F99CB3DB2B9ED38D000D7671 /* Profile */,
				F99CB3DC2B9ED393000D7671 /* Root */,
				F99CB3DD2B9ED395000D7671 /* TabBar */,
				F99CB3DE2B9ED3C4000D7671 /* Wishlists */,
			);
			path = Core;
			sourceTree = "<group>";
		};
		F99CB3D42B9ED2C2000D7671 /* Utils */ = {
			isa = PBXGroup;
			children = (
			);
			path = Utils;
			sourceTree = "<group>";
		};
		F99CB3D52B9ED2EC000D7671 /* App */ = {
			isa = PBXGroup;
			children = (
				F99CB3D62B9ED363000D7671 /* Airbnb.swift */,
			);
			path = App;
			sourceTree = "<group>";
		};
		F99CB3D82B9ED386000D7671 /* Explore */ = {
			isa = PBXGroup;
			children = (
				F99CB3FC2BA2D959000D7671 /* Service */,
				F99CB3FB2BA2D958000D7671 /* View */,
				F99CB3FA2BA2D957000D7671 /* ViewModel */,
			);
			path = Explore;
			sourceTree = "<group>";
		};
		F99CB3D92B9ED389000D7671 /* Listings */ = {
			isa = PBXGroup;
			children = (
				F99CB3F52BA2C964000D7671 /* Model */,
				F99CB3F42BA2C962000D7671 /* View */,
			);
			path = Listings;
			sourceTree = "<group>";
		};
		F99CB3DA2B9ED38B000D7671 /* MapView */ = {
			isa = PBXGroup;
			children = (
			);
			path = MapView;
			sourceTree = "<group>";
		};
		F99CB3DB2B9ED38D000D7671 /* Profile */ = {
			isa = PBXGroup;
			children = (
				F99CB3EC2BA2C322000D7671 /* ProfileView.swift */,
				F99CB3EE2BA2C45A000D7671 /* ProfileOptionRowView.swift */,
			);
			path = Profile;
			sourceTree = "<group>";
		};
		F99CB3DC2B9ED393000D7671 /* Root */ = {
			isa = PBXGroup;
			children = (
			);
			path = Root;
			sourceTree = "<group>";
		};
		F99CB3DD2B9ED395000D7671 /* TabBar */ = {
			isa = PBXGroup;
			children = (
				F99CB3F22BA2C64A000D7671 /* MainTabView.swift */,
			);
			path = TabBar;
			sourceTree = "<group>";
		};
		F99CB3DE2B9ED3C4000D7671 /* Wishlists */ = {
			isa = PBXGroup;
			children = (
				F99CB3F02BA2C520000D7671 /* WishlistsView.swift */,
			);
			path = Wishlists;
			sourceTree = "<group>";
		};
		F99CB3E72BA02E20000D7671 /* Components */ = {
			isa = PBXGroup;
			children = (
				F99CB3E82BA02E3D000D7671 /* ListingImageCarouselView.swift */,
			);
			path = Components;
			sourceTree = "<group>";
		};
		F99CB3F42BA2C962000D7671 /* View */ = {
			isa = PBXGroup;
			children = (
				F99CB3E12B9ED58C000D7671 /* ListingItemView.swift */,
				F99CB3E52BA02AE3000D7671 /* ListingDetailView.swift */,
			);
			path = View;
			sourceTree = "<group>";
		};
		F99CB3F52BA2C964000D7671 /* Model */ = {
			isa = PBXGroup;
			children = (
				F99CB3F62BA2C989000D7671 /* Listing.swift */,
			);
			path = Model;
			sourceTree = "<group>";
		};
		F99CB3FA2BA2D957000D7671 /* ViewModel */ = {
			isa = PBXGroup;
			children = (
				F99CB3FD2BA2D97D000D7671 /* ExploreViewModel.swift */,
			);
			path = ViewModel;
			sourceTree = "<group>";
		};
		F99CB3FB2BA2D958000D7671 /* View */ = {
			isa = PBXGroup;
			children = (
				F99CB3DF2B9ED483000D7671 /* ExploreView.swift */,
				F99CB3EA2BA165FA000D7671 /* DestinationSearchView.swift */,
				F99CB3E32BA01F6E000D7671 /* SearchAndFilterBar.swift */,
			);
			path = View;
			sourceTree = "<group>";
		};
		F99CB3FC2BA2D959000D7671 /* Service */ = {
			isa = PBXGroup;
			children = (
				F99CB3FF2BA2D9AE000D7671 /* ExploreService.swift */,
			);
			path = Service;
			sourceTree = "<group>";
		};
		F99CB4042BAA704F000D7671 /* TikTok */ = {
			isa = PBXGroup;
			children = (
				F99CB40A2BAA70A1000D7671 /* App */,
				F99CB4092BAA70A0000D7671 /* Core */,
				F99CB4082BAA709D000D7671 /* Extension */,
				F99CB4072BAA7094000D7671 /* Model */,
				F99CB4052BAA7093000D7671 /* Service */,
				F99CB40B2BAA70EF000D7671 /* Utils */,
			);
			path = TikTok;
			sourceTree = "<group>";
		};
		F99CB4052BAA7093000D7671 /* Service */ = {
			isa = PBXGroup;
			children = (
			);
			path = Service;
			sourceTree = "<group>";
		};
		F99CB4072BAA7094000D7671 /* Model */ = {
			isa = PBXGroup;
			children = (
				F99CB4302BAAA3EA000D7671 /* Post.swift */,
			);
			name = Model;
			path = "New Group/New Group/Model";
			sourceTree = "<group>";
		};
		F99CB4082BAA709D000D7671 /* Extension */ = {
			isa = PBXGroup;
			children = (
			);
			path = Extension;
			sourceTree = "<group>";
		};
		F99CB4092BAA70A0000D7671 /* Core */ = {
			isa = PBXGroup;
			children = (
				F99CB4172BAA7147000D7671 /* Authentication */,
				F99CB4162BAA7145000D7671 /* Comments */,
				F99CB4152BAA7142000D7671 /* Components */,
				F99CB4142BAA7141000D7671 /* Feed */,
				F99CB4132BAA713F000D7671 /* Notifications */,
				F99CB4122BAA713E000D7671 /* Profile */,
				F99CB4112BAA713C000D7671 /* Root */,
				F99CB40E2BAA7138000D7671 /* Search */,
				F99CB4102BAA713B000D7671 /* TabBar */,
				F99CB40F2BAA713A000D7671 /* UploadMeida */,
			);
			path = Core;
			sourceTree = "<group>";
		};
		F99CB40A2BAA70A1000D7671 /* App */ = {
			isa = PBXGroup;
			children = (
				F99CB40C2BAA7113000D7671 /* TikTokApp.swift */,
			);
			path = App;
			sourceTree = "<group>";
		};
		F99CB40B2BAA70EF000D7671 /* Utils */ = {
			isa = PBXGroup;
			children = (
			);
			path = Utils;
			sourceTree = "<group>";
		};
		F99CB40E2BAA7138000D7671 /* Search */ = {
			isa = PBXGroup;
			children = (
				F99CB41E2BAA7DAF000D7671 /* ExploreTicView.swift */,
				F99CB4202BAA7DD3000D7671 /* UserCell.swift */,
			);
			path = Search;
			sourceTree = "<group>";
		};
		F99CB40F2BAA713A000D7671 /* UploadMeida */ = {
			isa = PBXGroup;
			children = (
			);
			path = UploadMeida;
			sourceTree = "<group>";
		};
		F99CB4102BAA713B000D7671 /* TabBar */ = {
			isa = PBXGroup;
			children = (
				F99CB4182BAA7204000D7671 /* TicTabView.swift */,
			);
			path = TabBar;
			sourceTree = "<group>";
		};
		F99CB4112BAA713C000D7671 /* Root */ = {
			isa = PBXGroup;
			children = (
			);
			path = Root;
			sourceTree = "<group>";
		};
		F99CB4122BAA713E000D7671 /* Profile */ = {
			isa = PBXGroup;
			children = (
				F99CB42C2BAA8668000D7671 /* Components */,
				F99CB42D2BAA866F000D7671 /* View */,
			);
			path = Profile;
			sourceTree = "<group>";
		};
		F99CB4132BAA713F000D7671 /* Notifications */ = {
			isa = PBXGroup;
			children = (
				F99CB4222BAA8295000D7671 /* NotificationsView.swift */,
				F99CB4242BAA829E000D7671 /* NotificationCell.swift */,
			);
			path = Notifications;
			sourceTree = "<group>";
		};
		F99CB4142BAA7141000D7671 /* Feed */ = {
			isa = PBXGroup;
			children = (
				F99CB4342BAAA435000D7671 /* Service */,
				F99CB4332BAAA42B000D7671 /* View */,
				F99CB4322BAAA429000D7671 /* ViewModel */,
			);
			path = Feed;
			sourceTree = "<group>";
		};
		F99CB4152BAA7142000D7671 /* Components */ = {
			isa = PBXGroup;
			children = (
				F99CB4372BAAA7B8000D7671 /* CustomVideoPlayer.swift */,
			);
			path = Components;
			sourceTree = "<group>";
		};
		F99CB4162BAA7145000D7671 /* Comments */ = {
			isa = PBXGroup;
			children = (
			);
			path = Comments;
			sourceTree = "<group>";
		};
		F99CB4172BAA7147000D7671 /* Authentication */ = {
			isa = PBXGroup;
			children = (
			);
			path = Authentication;
			sourceTree = "<group>";
		};
		F99CB42C2BAA8668000D7671 /* Components */ = {
			isa = PBXGroup;
			children = (
				F99CB4282BAA84D8000D7671 /* ProfileHeaderView.swift */,
				F99CB42A2BAA84E4000D7671 /* PostGridView.swift */,
				F99CB42E2BAA86AF000D7671 /* UserStackView.swift */,
			);
			path = Components;
			sourceTree = "<group>";
		};
		F99CB42D2BAA866F000D7671 /* View */ = {
			isa = PBXGroup;
			children = (
				F99CB4262BAA84AB000D7671 /* CurrentUserProfileView.swift */,
			);
			path = View;
			sourceTree = "<group>";
		};
		F99CB4322BAAA429000D7671 /* ViewModel */ = {
			isa = PBXGroup;
			children = (
				F99CB4352BAAA452000D7671 /* FeedViewModel.swift */,
			);
			path = ViewModel;
			sourceTree = "<group>";
		};
		F99CB4332BAAA42B000D7671 /* View */ = {
			isa = PBXGroup;
			children = (
				F99CB41A2BAA7640000D7671 /* FeedView.swift */,
				F99CB41C2BAA7770000D7671 /* FeedCell.swift */,
			);
			path = View;
			sourceTree = "<group>";
		};
		F99CB4342BAAA435000D7671 /* Service */ = {
			isa = PBXGroup;
			children = (
			);
			path = Service;
			sourceTree = "<group>";
		};
/* End PBXGroup section */

/* Begin PBXNativeTarget section */
		F91801B22BAC710B007A4463 /* TodoListExtension */ = {
			isa = PBXNativeTarget;
			buildConfigurationList = F91801C82BAC710C007A4463 /* Build configuration list for PBXNativeTarget "TodoListExtension" */;
			buildPhases = (
				F91801AF2BAC710B007A4463 /* Sources */,
				F91801B02BAC710B007A4463 /* Frameworks */,
				F91801B12BAC710B007A4463 /* Resources */,
			);
			buildRules = (
			);
			dependencies = (
			);
			name = TodoListExtension;
			productName = TodoListExtension;
			productReference = F91801B32BAC710B007A4463 /* TodoListExtension.appex */;
			productType = "com.apple.product-type.app-extension";
		};
		F99CB3BC2B9EBDEA000D7671 /* SwiftUI-Clone App */ = {
			isa = PBXNativeTarget;
			buildConfigurationList = F99CB3CB2B9EBDEB000D7671 /* Build configuration list for PBXNativeTarget "SwiftUI-Clone App" */;
			buildPhases = (
				F99CB3B92B9EBDEA000D7671 /* Sources */,
				F99CB3BA2B9EBDEA000D7671 /* Frameworks */,
				F99CB3BB2B9EBDEA000D7671 /* Resources */,
				F91801CB2BAC710C007A4463 /* Embed Foundation Extensions */,
			);
			buildRules = (
			);
			dependencies = (
				F91801C62BAC710C007A4463 /* PBXTargetDependency */,
			);
			name = "SwiftUI-Clone App";
			productName = "SwiftUI-Clone App";
			productReference = F99CB3BD2B9EBDEA000D7671 /* SwiftUI-Clone App.app */;
			productType = "com.apple.product-type.application";
		};
/* End PBXNativeTarget section */

/* Begin PBXProject section */
		F99CB3B52B9EBDEA000D7671 /* Project object */ = {
			isa = PBXProject;
			attributes = {
				BuildIndependentTargetsInParallel = 1;
				LastSwiftUpdateCheck = 1530;
				LastUpgradeCheck = 1530;
				TargetAttributes = {
					F91801B22BAC710B007A4463 = {
						CreatedOnToolsVersion = 15.3;
					};
					F99CB3BC2B9EBDEA000D7671 = {
						CreatedOnToolsVersion = 15.3;
					};
				};
			};
			buildConfigurationList = F99CB3B82B9EBDEA000D7671 /* Build configuration list for PBXProject "SwiftUI-Clone App" */;
			compatibilityVersion = "Xcode 14.0";
			developmentRegion = en;
			hasScannedForEncodings = 0;
			knownRegions = (
				en,
				Base,
			);
			mainGroup = F99CB3B42B9EBDEA000D7671;
			productRefGroup = F99CB3BE2B9EBDEA000D7671 /* Products */;
			projectDirPath = "";
			projectRoot = "";
			targets = (
				F99CB3BC2B9EBDEA000D7671 /* SwiftUI-Clone App */,
				F91801B22BAC710B007A4463 /* TodoListExtension */,
			);
		};
/* End PBXProject section */

/* Begin PBXResourcesBuildPhase section */
		F91801B12BAC710B007A4463 /* Resources */ = {
			isa = PBXResourcesBuildPhase;
			buildActionMask = 2147483647;
			files = (
				F91801C32BAC710C007A4463 /* Assets.xcassets in Resources */,
			);
			runOnlyForDeploymentPostprocessing = 0;
		};
		F99CB3BB2B9EBDEA000D7671 /* Resources */ = {
			isa = PBXResourcesBuildPhase;
			buildActionMask = 2147483647;
			files = (
				F99CB3C82B9EBDEB000D7671 /* Preview Assets.xcassets in Resources */,
				F99CB3C52B9EBDEB000D7671 /* Assets.xcassets in Resources */,
			);
			runOnlyForDeploymentPostprocessing = 0;
		};
/* End PBXResourcesBuildPhase section */

/* Begin PBXSourcesBuildPhase section */
		F91801AF2BAC710B007A4463 /* Sources */ = {
			isa = PBXSourcesBuildPhase;
			buildActionMask = 2147483647;
			files = (
				F91801BF2BAC710B007A4463 /* TodoList.swift in Sources */,
				F91801C12BAC710B007A4463 /* AppIntent.swift in Sources */,
				F91801BD2BAC710B007A4463 /* TodoListLiveActivity.swift in Sources */,
				F91801BB2BAC710B007A4463 /* TodoListBundle.swift in Sources */,
				F91801CC2BAC7133007A4463 /* Todo.swift in Sources */,
			);
			runOnlyForDeploymentPostprocessing = 0;
		};
		F99CB3B92B9EBDEA000D7671 /* Sources */ = {
			isa = PBXSourcesBuildPhase;
			buildActionMask = 2147483647;
			files = (
				F99CB3E62BA02AE3000D7671 /* ListingDetailView.swift in Sources */,
				F98D65342BAD839000EC7A4F /* Search.swift in Sources */,
				F91801AA2BAC5CDD007A4463 /* MainTodoApp.swift in Sources */,
				F98D65252BAD753300EC7A4F /* Constans.swift in Sources */,
				F99CB3EF2BA2C45A000D7671 /* ProfileOptionRowView.swift in Sources */,
				F91801A82BAC5CA8007A4463 /* TodoHome.swift in Sources */,
				F950A7832BB5013700B3B132 /* ScrollExpense.swift in Sources */,
				F99CB3D72B9ED363000D7671 /* Airbnb.swift in Sources */,
				F91801792BAABF55007A4463 /* WheelPickerApp.swift in Sources */,
				F98D65452BADD20400EC7A4F /* LockView.swift in Sources */,
				F91801D12BAD53C2007A4463 /* MainTaskManagementApp.swift in Sources */,
				F99CB4002BA2D9AE000D7671 /* ExploreService.swift in Sources */,
				F91801882BAB142C007A4463 /* YouTubeTab.swift in Sources */,
				F99CB4252BAA829E000D7671 /* NotificationCell.swift in Sources */,
				F91801AC2BAC5FF1007A4463 /* CompletedTodoList.swift in Sources */,
				F99CB3F12BA2C520000D7671 /* WishlistsView.swift in Sources */,
				F99CB3ED2BA2C322000D7671 /* ProfileView.swift in Sources */,
				F99CB3F92BA2D062000D7671 /* DeveloperPreview.swift in Sources */,
				F99CB4272BAA84AB000D7671 /* CurrentUserProfileView.swift in Sources */,
				F91801DC2BAD576B007A4463 /* TaskHome.swift in Sources */,
				F99CB41F2BAA7DAF000D7671 /* ExploreTicView.swift in Sources */,
				F91801AE2BAC630A007A4463 /* TodoRowView.swift in Sources */,
				F91801832BAAD0D1007A4463 /* CardContentView.swift in Sources */,
				F98D652B2BAD822600EC7A4F /* ExpenseCategory.swift in Sources */,
				F98D654D2BB1004200EC7A4F /* TagLayout.swift in Sources */,
				F99CB4212BAA7DD3000D7671 /* UserCell.swift in Sources */,
				F918018A2BAB14B0007A4463 /* YouTubeHome.swift in Sources */,
				F99CB4292BAA84D8000D7671 /* ProfileHeaderView.swift in Sources */,
				F99CB41B2BAA7640000D7671 /* FeedView.swift in Sources */,
				F96C43A82BB7C2BD001D9678 /* MainCarouselView.swift in Sources */,
				F918018C2BAB159C007A4463 /* YouTubeApp.swift in Sources */,
				F98D65272BAD78F300EC7A4F /* ExpenseTab.swift in Sources */,
				F918018E2BAB19AE007A4463 /* PlayerItem.swift in Sources */,
				F99CB3E42BA01F6E000D7671 /* SearchAndFilterBar.swift in Sources */,
				F99CB4362BAAA452000D7671 /* FeedViewModel.swift in Sources */,
				F99CB42F2BAA86AF000D7671 /* UserStackView.swift in Sources */,
				F99CB3E22B9ED58C000D7671 /* ListingItemView.swift in Sources */,
				F91801922BAB1E4E007A4463 /* MiniPlayerView.swift in Sources */,
				F950A7882BB5060B00B3B132 /* ScrollCard.swift in Sources */,
				F99CB3F32BA2C64A000D7671 /* MainTabView.swift in Sources */,
				F99CB3F72BA2C989000D7671 /* Listing.swift in Sources */,
				F99CB3C32B9EBDEA000D7671 /* ContentView.swift in Sources */,
				F918017B2BAABF7C007A4463 /* WheelPicker.swift in Sources */,
				F98D653A2BAD84C200EC7A4F /* View+Extensions.swift in Sources */,
				F98D654B2BB0FBDD00EC7A4F /* MainTagsView.swift in Sources */,
				F99CB3EB2BA165FA000D7671 /* DestinationSearchView.swift in Sources */,
				F98D65432BADCE3700EC7A4F /* DateFilterView.swift in Sources */,
				F98D65222BAD6D1F00EC7A4F /* IntroScreen.swift in Sources */,
				F96C43AB2BB7C2D7001D9678 /* CarouselView.swift in Sources */,
				F98D65362BAD839A00EC7A4F /* Graphs.swift in Sources */,
				F99CB4312BAAA3EA000D7671 /* Post.swift in Sources */,
				F99CB4232BAA8295000D7671 /* NotificationsView.swift in Sources */,
				F91801992BABC291007A4463 /* AppleMapContentView.swift in Sources */,
				F98D653C2BADAEF700EC7A4F /* Date+Extensions.swift in Sources */,
				F950A7862BB502BF00B3B132 /* ScrollHome.swift in Sources */,
				F91801D42BAD54D9007A4463 /* Task.swift in Sources */,
				F91801D92BAD56CD007A4463 /* Date + Extension.swift in Sources */,
				F99CB40D2BAA7113000D7671 /* TikTokApp.swift in Sources */,
				F99CB41D2BAA7770000D7671 /* FeedCell.swift in Sources */,
				F96C43AD2BB7C2EB001D9678 /* CarouselViewChild.swift in Sources */,
				F918019E2BAC0567007A4463 /* StretchSliderApp.swift in Sources */,
				F91801A52BAC5B8C007A4463 /* Todo.swift in Sources */,
				F98D652F2BAD82A800EC7A4F /* TintColor.swift in Sources */,
				F950A7802BB5012300B3B132 /* MainScrollAniView.swift in Sources */,
				F99CB42B2BAA84E4000D7671 /* PostGridView.swift in Sources */,
				F91801812BAAD034007A4463 /* CardItem.swift in Sources */,
				F98D652D2BAD824400EC7A4F /* Transaction.swift in Sources */,
				F98D65382BAD839D00EC7A4F /* Settings.swift in Sources */,
				F91801D72BAD56C0007A4463 /* View + Extension.swift in Sources */,
				F98D653F2BADB08100EC7A4F /* CardViews.swift in Sources */,
				F98D65412BADB6D600EC7A4F /* TransactionCardView.swift in Sources */,
				F91801902BAB1D26007A4463 /* PlayerConfig.swift in Sources */,
				F99CB4382BAAA7B8000D7671 /* CustomVideoPlayer.swift in Sources */,
				F918019B2BABC620007A4463 /* BottomSheetHelper.swift in Sources */,
				F99CB4022BA2E2E2000D7671 /* Regions.swift in Sources */,
				F98D65292BAD7F5200EC7A4F /* MainExpenseTrackerApp.swift in Sources */,
				F99CB3FE2BA2D97D000D7671 /* ExploreViewModel.swift in Sources */,
				F99CB3E02B9ED483000D7671 /* ExploreView.swift in Sources */,
				F91801A02BAC05CD007A4463 /* CustomSlider.swift in Sources */,
				F99CB3C12B9EBDEA000D7671 /* SwiftUI_Clone_AppApp.swift in Sources */,
				F99CB3E92BA02E3D000D7671 /* ListingImageCarouselView.swift in Sources */,
				F99CB4192BAA7204000D7671 /* TicTabView.swift in Sources */,
				F98D65322BAD838C00EC7A4F /* Recents.swift in Sources */,
				F91801952BABC1EF007A4463 /* AppleMapTab.swift in Sources */,
			);
			runOnlyForDeploymentPostprocessing = 0;
		};
/* End PBXSourcesBuildPhase section */

/* Begin PBXTargetDependency section */
		F91801C62BAC710C007A4463 /* PBXTargetDependency */ = {
			isa = PBXTargetDependency;
			target = F91801B22BAC710B007A4463 /* TodoListExtension */;
			targetProxy = F91801C52BAC710C007A4463 /* PBXContainerItemProxy */;
		};
/* End PBXTargetDependency section */

/* Begin XCBuildConfiguration section */
		F91801C92BAC710C007A4463 /* Debug */ = {
			isa = XCBuildConfiguration;
			buildSettings = {
				ASSETCATALOG_COMPILER_GLOBAL_ACCENT_COLOR_NAME = AccentColor;
				ASSETCATALOG_COMPILER_WIDGET_BACKGROUND_COLOR_NAME = WidgetBackground;
				CODE_SIGN_ENTITLEMENTS = TodoListExtension.entitlements;
				CODE_SIGN_STYLE = Automatic;
				CURRENT_PROJECT_VERSION = 1;
				DEVELOPMENT_TEAM = 52TADTDD5Y;
				GENERATE_INFOPLIST_FILE = YES;
				INFOPLIST_FILE = TodoList/Info.plist;
				INFOPLIST_KEY_CFBundleDisplayName = TodoList;
				INFOPLIST_KEY_NSHumanReadableCopyright = "";
				LD_RUNPATH_SEARCH_PATHS = (
					"$(inherited)",
					"@executable_path/Frameworks",
					"@executable_path/../../Frameworks",
				);
				MARKETING_VERSION = 1.0;
				PRODUCT_BUNDLE_IDENTIFIER = "kwangjo93.SwiftUI-Clone-App.TodoList";
				PRODUCT_NAME = "$(TARGET_NAME)";
				SKIP_INSTALL = YES;
				SWIFT_EMIT_LOC_STRINGS = YES;
				SWIFT_VERSION = 5.0;
				TARGETED_DEVICE_FAMILY = "1,2";
			};
			name = Debug;
		};
		F91801CA2BAC710C007A4463 /* Release */ = {
			isa = XCBuildConfiguration;
			buildSettings = {
				ASSETCATALOG_COMPILER_GLOBAL_ACCENT_COLOR_NAME = AccentColor;
				ASSETCATALOG_COMPILER_WIDGET_BACKGROUND_COLOR_NAME = WidgetBackground;
				CODE_SIGN_ENTITLEMENTS = TodoListExtension.entitlements;
				CODE_SIGN_STYLE = Automatic;
				CURRENT_PROJECT_VERSION = 1;
				DEVELOPMENT_TEAM = 52TADTDD5Y;
				GENERATE_INFOPLIST_FILE = YES;
				INFOPLIST_FILE = TodoList/Info.plist;
				INFOPLIST_KEY_CFBundleDisplayName = TodoList;
				INFOPLIST_KEY_NSHumanReadableCopyright = "";
				LD_RUNPATH_SEARCH_PATHS = (
					"$(inherited)",
					"@executable_path/Frameworks",
					"@executable_path/../../Frameworks",
				);
				MARKETING_VERSION = 1.0;
				PRODUCT_BUNDLE_IDENTIFIER = "kwangjo93.SwiftUI-Clone-App.TodoList";
				PRODUCT_NAME = "$(TARGET_NAME)";
				SKIP_INSTALL = YES;
				SWIFT_EMIT_LOC_STRINGS = YES;
				SWIFT_VERSION = 5.0;
				TARGETED_DEVICE_FAMILY = "1,2";
			};
			name = Release;
		};
		F99CB3C92B9EBDEB000D7671 /* Debug */ = {
			isa = XCBuildConfiguration;
			buildSettings = {
				ALWAYS_SEARCH_USER_PATHS = NO;
				ASSETCATALOG_COMPILER_GENERATE_SWIFT_ASSET_SYMBOL_EXTENSIONS = YES;
				CLANG_ANALYZER_NONNULL = YES;
				CLANG_ANALYZER_NUMBER_OBJECT_CONVERSION = YES_AGGRESSIVE;
				CLANG_CXX_LANGUAGE_STANDARD = "gnu++20";
				CLANG_ENABLE_MODULES = YES;
				CLANG_ENABLE_OBJC_ARC = YES;
				CLANG_ENABLE_OBJC_WEAK = YES;
				CLANG_WARN_BLOCK_CAPTURE_AUTORELEASING = YES;
				CLANG_WARN_BOOL_CONVERSION = YES;
				CLANG_WARN_COMMA = YES;
				CLANG_WARN_CONSTANT_CONVERSION = YES;
				CLANG_WARN_DEPRECATED_OBJC_IMPLEMENTATIONS = YES;
				CLANG_WARN_DIRECT_OBJC_ISA_USAGE = YES_ERROR;
				CLANG_WARN_DOCUMENTATION_COMMENTS = YES;
				CLANG_WARN_EMPTY_BODY = YES;
				CLANG_WARN_ENUM_CONVERSION = YES;
				CLANG_WARN_INFINITE_RECURSION = YES;
				CLANG_WARN_INT_CONVERSION = YES;
				CLANG_WARN_NON_LITERAL_NULL_CONVERSION = YES;
				CLANG_WARN_OBJC_IMPLICIT_RETAIN_SELF = YES;
				CLANG_WARN_OBJC_LITERAL_CONVERSION = YES;
				CLANG_WARN_OBJC_ROOT_CLASS = YES_ERROR;
				CLANG_WARN_QUOTED_INCLUDE_IN_FRAMEWORK_HEADER = YES;
				CLANG_WARN_RANGE_LOOP_ANALYSIS = YES;
				CLANG_WARN_STRICT_PROTOTYPES = YES;
				CLANG_WARN_SUSPICIOUS_MOVE = YES;
				CLANG_WARN_UNGUARDED_AVAILABILITY = YES_AGGRESSIVE;
				CLANG_WARN_UNREACHABLE_CODE = YES;
				CLANG_WARN__DUPLICATE_METHOD_MATCH = YES;
				COPY_PHASE_STRIP = NO;
				DEBUG_INFORMATION_FORMAT = dwarf;
				ENABLE_STRICT_OBJC_MSGSEND = YES;
				ENABLE_TESTABILITY = YES;
				ENABLE_USER_SCRIPT_SANDBOXING = YES;
				GCC_C_LANGUAGE_STANDARD = gnu17;
				GCC_DYNAMIC_NO_PIC = NO;
				GCC_NO_COMMON_BLOCKS = YES;
				GCC_OPTIMIZATION_LEVEL = 0;
				GCC_PREPROCESSOR_DEFINITIONS = (
					"DEBUG=1",
					"$(inherited)",
				);
				GCC_WARN_64_TO_32_BIT_CONVERSION = YES;
				GCC_WARN_ABOUT_RETURN_TYPE = YES_ERROR;
				GCC_WARN_UNDECLARED_SELECTOR = YES;
				GCC_WARN_UNINITIALIZED_AUTOS = YES_AGGRESSIVE;
				GCC_WARN_UNUSED_FUNCTION = YES;
				GCC_WARN_UNUSED_VARIABLE = YES;
				IPHONEOS_DEPLOYMENT_TARGET = 17.4;
				LOCALIZATION_PREFERS_STRING_CATALOGS = YES;
				MTL_ENABLE_DEBUG_INFO = INCLUDE_SOURCE;
				MTL_FAST_MATH = YES;
				ONLY_ACTIVE_ARCH = YES;
				SDKROOT = iphoneos;
				SWIFT_ACTIVE_COMPILATION_CONDITIONS = "DEBUG $(inherited)";
				SWIFT_OPTIMIZATION_LEVEL = "-Onone";
			};
			name = Debug;
		};
		F99CB3CA2B9EBDEB000D7671 /* Release */ = {
			isa = XCBuildConfiguration;
			buildSettings = {
				ALWAYS_SEARCH_USER_PATHS = NO;
				ASSETCATALOG_COMPILER_GENERATE_SWIFT_ASSET_SYMBOL_EXTENSIONS = YES;
				CLANG_ANALYZER_NONNULL = YES;
				CLANG_ANALYZER_NUMBER_OBJECT_CONVERSION = YES_AGGRESSIVE;
				CLANG_CXX_LANGUAGE_STANDARD = "gnu++20";
				CLANG_ENABLE_MODULES = YES;
				CLANG_ENABLE_OBJC_ARC = YES;
				CLANG_ENABLE_OBJC_WEAK = YES;
				CLANG_WARN_BLOCK_CAPTURE_AUTORELEASING = YES;
				CLANG_WARN_BOOL_CONVERSION = YES;
				CLANG_WARN_COMMA = YES;
				CLANG_WARN_CONSTANT_CONVERSION = YES;
				CLANG_WARN_DEPRECATED_OBJC_IMPLEMENTATIONS = YES;
				CLANG_WARN_DIRECT_OBJC_ISA_USAGE = YES_ERROR;
				CLANG_WARN_DOCUMENTATION_COMMENTS = YES;
				CLANG_WARN_EMPTY_BODY = YES;
				CLANG_WARN_ENUM_CONVERSION = YES;
				CLANG_WARN_INFINITE_RECURSION = YES;
				CLANG_WARN_INT_CONVERSION = YES;
				CLANG_WARN_NON_LITERAL_NULL_CONVERSION = YES;
				CLANG_WARN_OBJC_IMPLICIT_RETAIN_SELF = YES;
				CLANG_WARN_OBJC_LITERAL_CONVERSION = YES;
				CLANG_WARN_OBJC_ROOT_CLASS = YES_ERROR;
				CLANG_WARN_QUOTED_INCLUDE_IN_FRAMEWORK_HEADER = YES;
				CLANG_WARN_RANGE_LOOP_ANALYSIS = YES;
				CLANG_WARN_STRICT_PROTOTYPES = YES;
				CLANG_WARN_SUSPICIOUS_MOVE = YES;
				CLANG_WARN_UNGUARDED_AVAILABILITY = YES_AGGRESSIVE;
				CLANG_WARN_UNREACHABLE_CODE = YES;
				CLANG_WARN__DUPLICATE_METHOD_MATCH = YES;
				COPY_PHASE_STRIP = NO;
				DEBUG_INFORMATION_FORMAT = "dwarf-with-dsym";
				ENABLE_NS_ASSERTIONS = NO;
				ENABLE_STRICT_OBJC_MSGSEND = YES;
				ENABLE_USER_SCRIPT_SANDBOXING = YES;
				GCC_C_LANGUAGE_STANDARD = gnu17;
				GCC_NO_COMMON_BLOCKS = YES;
				GCC_WARN_64_TO_32_BIT_CONVERSION = YES;
				GCC_WARN_ABOUT_RETURN_TYPE = YES_ERROR;
				GCC_WARN_UNDECLARED_SELECTOR = YES;
				GCC_WARN_UNINITIALIZED_AUTOS = YES_AGGRESSIVE;
				GCC_WARN_UNUSED_FUNCTION = YES;
				GCC_WARN_UNUSED_VARIABLE = YES;
				IPHONEOS_DEPLOYMENT_TARGET = 17.4;
				LOCALIZATION_PREFERS_STRING_CATALOGS = YES;
				MTL_ENABLE_DEBUG_INFO = NO;
				MTL_FAST_MATH = YES;
				SDKROOT = iphoneos;
				SWIFT_COMPILATION_MODE = wholemodule;
				VALIDATE_PRODUCT = YES;
			};
			name = Release;
		};
		F99CB3CC2B9EBDEB000D7671 /* Debug */ = {
			isa = XCBuildConfiguration;
			buildSettings = {
				ALWAYS_EMBED_SWIFT_STANDARD_LIBRARIES = YES;
				ASSETCATALOG_COMPILER_APPICON_NAME = AppIcon;
				ASSETCATALOG_COMPILER_GLOBAL_ACCENT_COLOR_NAME = AccentColor;
				CODE_SIGN_ENTITLEMENTS = "SwiftUI-Clone App/SwiftUI-Clone App.entitlements";
				CODE_SIGN_STYLE = Automatic;
				CURRENT_PROJECT_VERSION = 1;
				DEVELOPMENT_ASSET_PATHS = "\"SwiftUI-Clone App/Preview Content\"";
				DEVELOPMENT_TEAM = 52TADTDD5Y;
				ENABLE_PREVIEWS = YES;
				GENERATE_INFOPLIST_FILE = YES;
				INFOPLIST_KEY_UIApplicationSceneManifest_Generation = YES;
				INFOPLIST_KEY_UIApplicationSupportsIndirectInputEvents = YES;
				INFOPLIST_KEY_UILaunchScreen_Generation = YES;
				INFOPLIST_KEY_UISupportedInterfaceOrientations_iPad = "UIInterfaceOrientationPortrait UIInterfaceOrientationPortraitUpsideDown UIInterfaceOrientationLandscapeLeft UIInterfaceOrientationLandscapeRight";
				INFOPLIST_KEY_UISupportedInterfaceOrientations_iPhone = "UIInterfaceOrientationPortrait UIInterfaceOrientationLandscapeLeft UIInterfaceOrientationLandscapeRight";
				LD_RUNPATH_SEARCH_PATHS = (
					"$(inherited)",
					"@executable_path/Frameworks",
				);
				MARKETING_VERSION = 1.0;
				PRODUCT_BUNDLE_IDENTIFIER = "kwangjo93.SwiftUI-Clone-App";
				PRODUCT_NAME = "$(TARGET_NAME)";
				SUPPORTED_PLATFORMS = "iphoneos iphonesimulator";
				SUPPORTS_MACCATALYST = NO;
				SUPPORTS_MAC_DESIGNED_FOR_IPHONE_IPAD = NO;
				SUPPORTS_XR_DESIGNED_FOR_IPHONE_IPAD = NO;
				SWIFT_EMIT_LOC_STRINGS = YES;
				SWIFT_VERSION = 5.0;
				TARGETED_DEVICE_FAMILY = 1;
			};
			name = Debug;
		};
		F99CB3CD2B9EBDEB000D7671 /* Release */ = {
			isa = XCBuildConfiguration;
			buildSettings = {
				ALWAYS_EMBED_SWIFT_STANDARD_LIBRARIES = YES;
				ASSETCATALOG_COMPILER_APPICON_NAME = AppIcon;
				ASSETCATALOG_COMPILER_GLOBAL_ACCENT_COLOR_NAME = AccentColor;
				CODE_SIGN_ENTITLEMENTS = "SwiftUI-Clone App/SwiftUI-Clone App.entitlements";
				CODE_SIGN_STYLE = Automatic;
				CURRENT_PROJECT_VERSION = 1;
				DEVELOPMENT_ASSET_PATHS = "\"SwiftUI-Clone App/Preview Content\"";
				DEVELOPMENT_TEAM = 52TADTDD5Y;
				ENABLE_PREVIEWS = YES;
				GENERATE_INFOPLIST_FILE = YES;
				INFOPLIST_KEY_UIApplicationSceneManifest_Generation = YES;
				INFOPLIST_KEY_UIApplicationSupportsIndirectInputEvents = YES;
				INFOPLIST_KEY_UILaunchScreen_Generation = YES;
				INFOPLIST_KEY_UISupportedInterfaceOrientations_iPad = "UIInterfaceOrientationPortrait UIInterfaceOrientationPortraitUpsideDown UIInterfaceOrientationLandscapeLeft UIInterfaceOrientationLandscapeRight";
				INFOPLIST_KEY_UISupportedInterfaceOrientations_iPhone = "UIInterfaceOrientationPortrait UIInterfaceOrientationLandscapeLeft UIInterfaceOrientationLandscapeRight";
				LD_RUNPATH_SEARCH_PATHS = (
					"$(inherited)",
					"@executable_path/Frameworks",
				);
				MARKETING_VERSION = 1.0;
				PRODUCT_BUNDLE_IDENTIFIER = "kwangjo93.SwiftUI-Clone-App";
				PRODUCT_NAME = "$(TARGET_NAME)";
				SUPPORTED_PLATFORMS = "iphoneos iphonesimulator";
				SUPPORTS_MACCATALYST = NO;
				SUPPORTS_MAC_DESIGNED_FOR_IPHONE_IPAD = NO;
				SUPPORTS_XR_DESIGNED_FOR_IPHONE_IPAD = NO;
				SWIFT_EMIT_LOC_STRINGS = YES;
				SWIFT_VERSION = 5.0;
				TARGETED_DEVICE_FAMILY = 1;
			};
			name = Release;
		};
/* End XCBuildConfiguration section */

/* Begin XCConfigurationList section */
		F91801C82BAC710C007A4463 /* Build configuration list for PBXNativeTarget "TodoListExtension" */ = {
			isa = XCConfigurationList;
			buildConfigurations = (
				F91801C92BAC710C007A4463 /* Debug */,
				F91801CA2BAC710C007A4463 /* Release */,
			);
			defaultConfigurationIsVisible = 0;
			defaultConfigurationName = Release;
		};
		F99CB3B82B9EBDEA000D7671 /* Build configuration list for PBXProject "SwiftUI-Clone App" */ = {
			isa = XCConfigurationList;
			buildConfigurations = (
				F99CB3C92B9EBDEB000D7671 /* Debug */,
				F99CB3CA2B9EBDEB000D7671 /* Release */,
			);
			defaultConfigurationIsVisible = 0;
			defaultConfigurationName = Release;
		};
		F99CB3CB2B9EBDEB000D7671 /* Build configuration list for PBXNativeTarget "SwiftUI-Clone App" */ = {
			isa = XCConfigurationList;
			buildConfigurations = (
				F99CB3CC2B9EBDEB000D7671 /* Debug */,
				F99CB3CD2B9EBDEB000D7671 /* Release */,
			);
			defaultConfigurationIsVisible = 0;
			defaultConfigurationName = Release;
		};
/* End XCConfigurationList section */
	};
	rootObject = F99CB3B52B9EBDEA000D7671 /* Project object */;
}
