// !$*UTF8*$!
{
	archiveVersion = 1;
	classes = {
	};
	objectVersion = 56;
	objects = {

/* Begin PBXBuildFile section */
		F99CB3C12B9EBDEA000D7671 /* SwiftUI_Clone_AppApp.swift in Sources */ = {isa = PBXBuildFile; fileRef = F99CB3C02B9EBDEA000D7671 /* SwiftUI_Clone_AppApp.swift */; };
		F99CB3C32B9EBDEA000D7671 /* ContentView.swift in Sources */ = {isa = PBXBuildFile; fileRef = F99CB3C22B9EBDEA000D7671 /* ContentView.swift */; };
		F99CB3C52B9EBDEB000D7671 /* Assets.xcassets in Resources */ = {isa = PBXBuildFile; fileRef = F99CB3C42B9EBDEB000D7671 /* Assets.xcassets */; };
		F99CB3C82B9EBDEB000D7671 /* Preview Assets.xcassets in Resources */ = {isa = PBXBuildFile; fileRef = F99CB3C72B9EBDEB000D7671 /* Preview Assets.xcassets */; };
		F99CB3D72B9ED363000D7671 /* Airbnb.swift in Sources */ = {isa = PBXBuildFile; fileRef = F99CB3D62B9ED363000D7671 /* Airbnb.swift */; };
		F99CB3E02B9ED483000D7671 /* ExploreView.swift in Sources */ = {isa = PBXBuildFile; fileRef = F99CB3DF2B9ED483000D7671 /* ExploreView.swift */; };
		F99CB3E22B9ED58C000D7671 /* ListingItemView.swift in Sources */ = {isa = PBXBuildFile; fileRef = F99CB3E12B9ED58C000D7671 /* ListingItemView.swift */; };
		F99CB3E42BA01F6E000D7671 /* SearchAndFilterBar.swift in Sources */ = {isa = PBXBuildFile; fileRef = F99CB3E32BA01F6E000D7671 /* SearchAndFilterBar.swift */; };
		F99CB3E62BA02AE3000D7671 /* ListingDetailView.swift in Sources */ = {isa = PBXBuildFile; fileRef = F99CB3E52BA02AE3000D7671 /* ListingDetailView.swift */; };
		F99CB3E92BA02E3D000D7671 /* ListingImageCarouselView.swift in Sources */ = {isa = PBXBuildFile; fileRef = F99CB3E82BA02E3D000D7671 /* ListingImageCarouselView.swift */; };
		F99CB3EB2BA165FA000D7671 /* DestinationSearchView.swift in Sources */ = {isa = PBXBuildFile; fileRef = F99CB3EA2BA165FA000D7671 /* DestinationSearchView.swift */; };
		F99CB3ED2BA2C322000D7671 /* ProfileView.swift in Sources */ = {isa = PBXBuildFile; fileRef = F99CB3EC2BA2C322000D7671 /* ProfileView.swift */; };
		F99CB3EF2BA2C45A000D7671 /* ProfileOptionRowView.swift in Sources */ = {isa = PBXBuildFile; fileRef = F99CB3EE2BA2C45A000D7671 /* ProfileOptionRowView.swift */; };
		F99CB3F12BA2C520000D7671 /* WishlistsView.swift in Sources */ = {isa = PBXBuildFile; fileRef = F99CB3F02BA2C520000D7671 /* WishlistsView.swift */; };
		F99CB3F32BA2C64A000D7671 /* MainTabView.swift in Sources */ = {isa = PBXBuildFile; fileRef = F99CB3F22BA2C64A000D7671 /* MainTabView.swift */; };
		F99CB3F72BA2C989000D7671 /* Listing.swift in Sources */ = {isa = PBXBuildFile; fileRef = F99CB3F62BA2C989000D7671 /* Listing.swift */; };
		F99CB3F92BA2D062000D7671 /* DeveloperPreview.swift in Sources */ = {isa = PBXBuildFile; fileRef = F99CB3F82BA2D062000D7671 /* DeveloperPreview.swift */; };
		F99CB3FE2BA2D97D000D7671 /* ExploreViewModel.swift in Sources */ = {isa = PBXBuildFile; fileRef = F99CB3FD2BA2D97D000D7671 /* ExploreViewModel.swift */; };
		F99CB4002BA2D9AE000D7671 /* ExploreService.swift in Sources */ = {isa = PBXBuildFile; fileRef = F99CB3FF2BA2D9AE000D7671 /* ExploreService.swift */; };
		F99CB4022BA2E2E2000D7671 /* Regions.swift in Sources */ = {isa = PBXBuildFile; fileRef = F99CB4012BA2E2E2000D7671 /* Regions.swift */; };
/* End PBXBuildFile section */

/* Begin PBXFileReference section */
		F99CB3BD2B9EBDEA000D7671 /* SwiftUI-Clone App.app */ = {isa = PBXFileReference; explicitFileType = wrapper.application; includeInIndex = 0; path = "SwiftUI-Clone App.app"; sourceTree = BUILT_PRODUCTS_DIR; };
		F99CB3C02B9EBDEA000D7671 /* SwiftUI_Clone_AppApp.swift */ = {isa = PBXFileReference; lastKnownFileType = sourcecode.swift; path = SwiftUI_Clone_AppApp.swift; sourceTree = "<group>"; };
		F99CB3C22B9EBDEA000D7671 /* ContentView.swift */ = {isa = PBXFileReference; lastKnownFileType = sourcecode.swift; path = ContentView.swift; sourceTree = "<group>"; };
		F99CB3C42B9EBDEB000D7671 /* Assets.xcassets */ = {isa = PBXFileReference; lastKnownFileType = folder.assetcatalog; path = Assets.xcassets; sourceTree = "<group>"; };
		F99CB3C72B9EBDEB000D7671 /* Preview Assets.xcassets */ = {isa = PBXFileReference; lastKnownFileType = folder.assetcatalog; path = "Preview Assets.xcassets"; sourceTree = "<group>"; };
		F99CB3D62B9ED363000D7671 /* Airbnb.swift */ = {isa = PBXFileReference; lastKnownFileType = sourcecode.swift; path = Airbnb.swift; sourceTree = "<group>"; };
		F99CB3DF2B9ED483000D7671 /* ExploreView.swift */ = {isa = PBXFileReference; lastKnownFileType = sourcecode.swift; path = ExploreView.swift; sourceTree = "<group>"; };
		F99CB3E12B9ED58C000D7671 /* ListingItemView.swift */ = {isa = PBXFileReference; lastKnownFileType = sourcecode.swift; path = ListingItemView.swift; sourceTree = "<group>"; };
		F99CB3E32BA01F6E000D7671 /* SearchAndFilterBar.swift */ = {isa = PBXFileReference; lastKnownFileType = sourcecode.swift; path = SearchAndFilterBar.swift; sourceTree = "<group>"; };
		F99CB3E52BA02AE3000D7671 /* ListingDetailView.swift */ = {isa = PBXFileReference; lastKnownFileType = sourcecode.swift; path = ListingDetailView.swift; sourceTree = "<group>"; };
		F99CB3E82BA02E3D000D7671 /* ListingImageCarouselView.swift */ = {isa = PBXFileReference; lastKnownFileType = sourcecode.swift; path = ListingImageCarouselView.swift; sourceTree = "<group>"; };
		F99CB3EA2BA165FA000D7671 /* DestinationSearchView.swift */ = {isa = PBXFileReference; lastKnownFileType = sourcecode.swift; path = DestinationSearchView.swift; sourceTree = "<group>"; };
		F99CB3EC2BA2C322000D7671 /* ProfileView.swift */ = {isa = PBXFileReference; lastKnownFileType = sourcecode.swift; path = ProfileView.swift; sourceTree = "<group>"; };
		F99CB3EE2BA2C45A000D7671 /* ProfileOptionRowView.swift */ = {isa = PBXFileReference; lastKnownFileType = sourcecode.swift; path = ProfileOptionRowView.swift; sourceTree = "<group>"; };
		F99CB3F02BA2C520000D7671 /* WishlistsView.swift */ = {isa = PBXFileReference; lastKnownFileType = sourcecode.swift; path = WishlistsView.swift; sourceTree = "<group>"; };
		F99CB3F22BA2C64A000D7671 /* MainTabView.swift */ = {isa = PBXFileReference; lastKnownFileType = sourcecode.swift; path = MainTabView.swift; sourceTree = "<group>"; };
		F99CB3F62BA2C989000D7671 /* Listing.swift */ = {isa = PBXFileReference; lastKnownFileType = sourcecode.swift; path = Listing.swift; sourceTree = "<group>"; };
		F99CB3F82BA2D062000D7671 /* DeveloperPreview.swift */ = {isa = PBXFileReference; lastKnownFileType = sourcecode.swift; path = DeveloperPreview.swift; sourceTree = "<group>"; };
		F99CB3FD2BA2D97D000D7671 /* ExploreViewModel.swift */ = {isa = PBXFileReference; lastKnownFileType = sourcecode.swift; path = ExploreViewModel.swift; sourceTree = "<group>"; };
		F99CB3FF2BA2D9AE000D7671 /* ExploreService.swift */ = {isa = PBXFileReference; lastKnownFileType = sourcecode.swift; path = ExploreService.swift; sourceTree = "<group>"; };
		F99CB4012BA2E2E2000D7671 /* Regions.swift */ = {isa = PBXFileReference; lastKnownFileType = sourcecode.swift; path = Regions.swift; sourceTree = "<group>"; };
/* End PBXFileReference section */

/* Begin PBXFrameworksBuildPhase section */
		F99CB3BA2B9EBDEA000D7671 /* Frameworks */ = {
			isa = PBXFrameworksBuildPhase;
			buildActionMask = 2147483647;
			files = (
			);
			runOnlyForDeploymentPostprocessing = 0;
		};
/* End PBXFrameworksBuildPhase section */

/* Begin PBXGroup section */
		F99CB3B42B9EBDEA000D7671 = {
			isa = PBXGroup;
			children = (
				F99CB3BF2B9EBDEA000D7671 /* SwiftUI-Clone App */,
				F99CB3BE2B9EBDEA000D7671 /* Products */,
			);
			sourceTree = "<group>";
		};
		F99CB3BE2B9EBDEA000D7671 /* Products */ = {
			isa = PBXGroup;
			children = (
				F99CB3BD2B9EBDEA000D7671 /* SwiftUI-Clone App.app */,
			);
			name = Products;
			sourceTree = "<group>";
		};
		F99CB3BF2B9EBDEA000D7671 /* SwiftUI-Clone App */ = {
			isa = PBXGroup;
			children = (
				F99CB3C42B9EBDEB000D7671 /* Assets.xcassets */,
				F99CB3C62B9EBDEB000D7671 /* Preview Content */,
				F99CB3CE2B9EBE52000D7671 /* App */,
				F99CB3CF2B9EBE68000D7671 /* Airbnb */,
			);
			path = "SwiftUI-Clone App";
			sourceTree = "<group>";
		};
		F99CB3C62B9EBDEB000D7671 /* Preview Content */ = {
			isa = PBXGroup;
			children = (
				F99CB3C72B9EBDEB000D7671 /* Preview Assets.xcassets */,
			);
			path = "Preview Content";
			sourceTree = "<group>";
		};
		F99CB3CE2B9EBE52000D7671 /* App */ = {
			isa = PBXGroup;
			children = (
				F99CB3C22B9EBDEA000D7671 /* ContentView.swift */,
				F99CB3C02B9EBDEA000D7671 /* SwiftUI_Clone_AppApp.swift */,
			);
			path = App;
			sourceTree = "<group>";
		};
		F99CB3CF2B9EBE68000D7671 /* Airbnb */ = {
			isa = PBXGroup;
			children = (
				F99CB3D52B9ED2EC000D7671 /* App */,
				F99CB3D42B9ED2C2000D7671 /* Utils */,
				F99CB3D22B9ED28B000D7671 /* Core */,
				F99CB3D12B9ED289000D7671 /* Extension */,
				F99CB3D02B9ED274000D7671 /* Models */,
			);
			path = Airbnb;
			sourceTree = "<group>";
		};
		F99CB3D02B9ED274000D7671 /* Models */ = {
			isa = PBXGroup;
			children = (
			);
			path = Models;
			sourceTree = "<group>";
		};
		F99CB3D12B9ED289000D7671 /* Extension */ = {
			isa = PBXGroup;
			children = (
				F99CB3F82BA2D062000D7671 /* DeveloperPreview.swift */,
				F99CB4012BA2E2E2000D7671 /* Regions.swift */,
			);
			path = Extension;
			sourceTree = "<group>";
		};
		F99CB3D22B9ED28B000D7671 /* Core */ = {
			isa = PBXGroup;
			children = (
				F99CB3E72BA02E20000D7671 /* Components */,
				F99CB3D82B9ED386000D7671 /* Explore */,
				F99CB3D92B9ED389000D7671 /* Listings */,
				F99CB3DA2B9ED38B000D7671 /* MapView */,
				F99CB3DB2B9ED38D000D7671 /* Profile */,
				F99CB3DC2B9ED393000D7671 /* Root */,
				F99CB3DD2B9ED395000D7671 /* TabBar */,
				F99CB3DE2B9ED3C4000D7671 /* Wishlists */,
			);
			path = Core;
			sourceTree = "<group>";
		};
		F99CB3D42B9ED2C2000D7671 /* Utils */ = {
			isa = PBXGroup;
			children = (
			);
			path = Utils;
			sourceTree = "<group>";
		};
		F99CB3D52B9ED2EC000D7671 /* App */ = {
			isa = PBXGroup;
			children = (
				F99CB3D62B9ED363000D7671 /* Airbnb.swift */,
			);
			path = App;
			sourceTree = "<group>";
		};
		F99CB3D82B9ED386000D7671 /* Explore */ = {
			isa = PBXGroup;
			children = (
				F99CB3FC2BA2D959000D7671 /* Service */,
				F99CB3FB2BA2D958000D7671 /* View */,
				F99CB3FA2BA2D957000D7671 /* ViewModel */,
			);
			path = Explore;
			sourceTree = "<group>";
		};
		F99CB3D92B9ED389000D7671 /* Listings */ = {
			isa = PBXGroup;
			children = (
				F99CB3F52BA2C964000D7671 /* Model */,
				F99CB3F42BA2C962000D7671 /* View */,
			);
			path = Listings;
			sourceTree = "<group>";
		};
		F99CB3DA2B9ED38B000D7671 /* MapView */ = {
			isa = PBXGroup;
			children = (
			);
			path = MapView;
			sourceTree = "<group>";
		};
		F99CB3DB2B9ED38D000D7671 /* Profile */ = {
			isa = PBXGroup;
			children = (
				F99CB3EC2BA2C322000D7671 /* ProfileView.swift */,
				F99CB3EE2BA2C45A000D7671 /* ProfileOptionRowView.swift */,
			);
			path = Profile;
			sourceTree = "<group>";
		};
		F99CB3DC2B9ED393000D7671 /* Root */ = {
			isa = PBXGroup;
			children = (
			);
			path = Root;
			sourceTree = "<group>";
		};
		F99CB3DD2B9ED395000D7671 /* TabBar */ = {
			isa = PBXGroup;
			children = (
				F99CB3F22BA2C64A000D7671 /* MainTabView.swift */,
			);
			path = TabBar;
			sourceTree = "<group>";
		};
		F99CB3DE2B9ED3C4000D7671 /* Wishlists */ = {
			isa = PBXGroup;
			children = (
				F99CB3F02BA2C520000D7671 /* WishlistsView.swift */,
			);
			path = Wishlists;
			sourceTree = "<group>";
		};
		F99CB3E72BA02E20000D7671 /* Components */ = {
			isa = PBXGroup;
			children = (
				F99CB3E82BA02E3D000D7671 /* ListingImageCarouselView.swift */,
			);
			path = Components;
			sourceTree = "<group>";
		};
		F99CB3F42BA2C962000D7671 /* View */ = {
			isa = PBXGroup;
			children = (
				F99CB3E12B9ED58C000D7671 /* ListingItemView.swift */,
				F99CB3E52BA02AE3000D7671 /* ListingDetailView.swift */,
			);
			path = View;
			sourceTree = "<group>";
		};
		F99CB3F52BA2C964000D7671 /* Model */ = {
			isa = PBXGroup;
			children = (
				F99CB3F62BA2C989000D7671 /* Listing.swift */,
			);
			path = Model;
			sourceTree = "<group>";
		};
		F99CB3FA2BA2D957000D7671 /* ViewModel */ = {
			isa = PBXGroup;
			children = (
				F99CB3FD2BA2D97D000D7671 /* ExploreViewModel.swift */,
			);
			path = ViewModel;
			sourceTree = "<group>";
		};
		F99CB3FB2BA2D958000D7671 /* View */ = {
			isa = PBXGroup;
			children = (
				F99CB3DF2B9ED483000D7671 /* ExploreView.swift */,
				F99CB3EA2BA165FA000D7671 /* DestinationSearchView.swift */,
				F99CB3E32BA01F6E000D7671 /* SearchAndFilterBar.swift */,
			);
			path = View;
			sourceTree = "<group>";
		};
		F99CB3FC2BA2D959000D7671 /* Service */ = {
			isa = PBXGroup;
			children = (
				F99CB3FF2BA2D9AE000D7671 /* ExploreService.swift */,
			);
			path = Service;
			sourceTree = "<group>";
		};
/* End PBXGroup section */

/* Begin PBXNativeTarget section */
		F99CB3BC2B9EBDEA000D7671 /* SwiftUI-Clone App */ = {
			isa = PBXNativeTarget;
			buildConfigurationList = F99CB3CB2B9EBDEB000D7671 /* Build configuration list for PBXNativeTarget "SwiftUI-Clone App" */;
			buildPhases = (
				F99CB3B92B9EBDEA000D7671 /* Sources */,
				F99CB3BA2B9EBDEA000D7671 /* Frameworks */,
				F99CB3BB2B9EBDEA000D7671 /* Resources */,
			);
			buildRules = (
			);
			dependencies = (
			);
			name = "SwiftUI-Clone App";
			productName = "SwiftUI-Clone App";
			productReference = F99CB3BD2B9EBDEA000D7671 /* SwiftUI-Clone App.app */;
			productType = "com.apple.product-type.application";
		};
/* End PBXNativeTarget section */

/* Begin PBXProject section */
		F99CB3B52B9EBDEA000D7671 /* Project object */ = {
			isa = PBXProject;
			attributes = {
				BuildIndependentTargetsInParallel = 1;
				LastSwiftUpdateCheck = 1530;
				LastUpgradeCheck = 1530;
				TargetAttributes = {
					F99CB3BC2B9EBDEA000D7671 = {
						CreatedOnToolsVersion = 15.3;
					};
				};
			};
			buildConfigurationList = F99CB3B82B9EBDEA000D7671 /* Build configuration list for PBXProject "SwiftUI-Clone App" */;
			compatibilityVersion = "Xcode 14.0";
			developmentRegion = en;
			hasScannedForEncodings = 0;
			knownRegions = (
				en,
				Base,
			);
			mainGroup = F99CB3B42B9EBDEA000D7671;
			productRefGroup = F99CB3BE2B9EBDEA000D7671 /* Products */;
			projectDirPath = "";
			projectRoot = "";
			targets = (
				F99CB3BC2B9EBDEA000D7671 /* SwiftUI-Clone App */,
			);
		};
/* End PBXProject section */

/* Begin PBXResourcesBuildPhase section */
		F99CB3BB2B9EBDEA000D7671 /* Resources */ = {
			isa = PBXResourcesBuildPhase;
			buildActionMask = 2147483647;
			files = (
				F99CB3C82B9EBDEB000D7671 /* Preview Assets.xcassets in Resources */,
				F99CB3C52B9EBDEB000D7671 /* Assets.xcassets in Resources */,
			);
			runOnlyForDeploymentPostprocessing = 0;
		};
/* End PBXResourcesBuildPhase section */

/* Begin PBXSourcesBuildPhase section */
		F99CB3B92B9EBDEA000D7671 /* Sources */ = {
			isa = PBXSourcesBuildPhase;
			buildActionMask = 2147483647;
			files = (
				F99CB3E62BA02AE3000D7671 /* ListingDetailView.swift in Sources */,
				F99CB3EF2BA2C45A000D7671 /* ProfileOptionRowView.swift in Sources */,
				F99CB3D72B9ED363000D7671 /* Airbnb.swift in Sources */,
				F99CB4002BA2D9AE000D7671 /* ExploreService.swift in Sources */,
				F99CB3F12BA2C520000D7671 /* WishlistsView.swift in Sources */,
				F99CB3ED2BA2C322000D7671 /* ProfileView.swift in Sources */,
				F99CB3F92BA2D062000D7671 /* DeveloperPreview.swift in Sources */,
				F99CB3E42BA01F6E000D7671 /* SearchAndFilterBar.swift in Sources */,
				F99CB3E22B9ED58C000D7671 /* ListingItemView.swift in Sources */,
				F99CB3F32BA2C64A000D7671 /* MainTabView.swift in Sources */,
				F99CB3F72BA2C989000D7671 /* Listing.swift in Sources */,
				F99CB3C32B9EBDEA000D7671 /* ContentView.swift in Sources */,
				F99CB3EB2BA165FA000D7671 /* DestinationSearchView.swift in Sources */,
				F99CB4022BA2E2E2000D7671 /* Regions.swift in Sources */,
				F99CB3FE2BA2D97D000D7671 /* ExploreViewModel.swift in Sources */,
				F99CB3E02B9ED483000D7671 /* ExploreView.swift in Sources */,
				F99CB3C12B9EBDEA000D7671 /* SwiftUI_Clone_AppApp.swift in Sources */,
				F99CB3E92BA02E3D000D7671 /* ListingImageCarouselView.swift in Sources */,
			);
			runOnlyForDeploymentPostprocessing = 0;
		};
/* End PBXSourcesBuildPhase section */

/* Begin XCBuildConfiguration section */
		F99CB3C92B9EBDEB000D7671 /* Debug */ = {
			isa = XCBuildConfiguration;
			buildSettings = {
				ALWAYS_SEARCH_USER_PATHS = NO;
				ASSETCATALOG_COMPILER_GENERATE_SWIFT_ASSET_SYMBOL_EXTENSIONS = YES;
				CLANG_ANALYZER_NONNULL = YES;
				CLANG_ANALYZER_NUMBER_OBJECT_CONVERSION = YES_AGGRESSIVE;
				CLANG_CXX_LANGUAGE_STANDARD = "gnu++20";
				CLANG_ENABLE_MODULES = YES;
				CLANG_ENABLE_OBJC_ARC = YES;
				CLANG_ENABLE_OBJC_WEAK = YES;
				CLANG_WARN_BLOCK_CAPTURE_AUTORELEASING = YES;
				CLANG_WARN_BOOL_CONVERSION = YES;
				CLANG_WARN_COMMA = YES;
				CLANG_WARN_CONSTANT_CONVERSION = YES;
				CLANG_WARN_DEPRECATED_OBJC_IMPLEMENTATIONS = YES;
				CLANG_WARN_DIRECT_OBJC_ISA_USAGE = YES_ERROR;
				CLANG_WARN_DOCUMENTATION_COMMENTS = YES;
				CLANG_WARN_EMPTY_BODY = YES;
				CLANG_WARN_ENUM_CONVERSION = YES;
				CLANG_WARN_INFINITE_RECURSION = YES;
				CLANG_WARN_INT_CONVERSION = YES;
				CLANG_WARN_NON_LITERAL_NULL_CONVERSION = YES;
				CLANG_WARN_OBJC_IMPLICIT_RETAIN_SELF = YES;
				CLANG_WARN_OBJC_LITERAL_CONVERSION = YES;
				CLANG_WARN_OBJC_ROOT_CLASS = YES_ERROR;
				CLANG_WARN_QUOTED_INCLUDE_IN_FRAMEWORK_HEADER = YES;
				CLANG_WARN_RANGE_LOOP_ANALYSIS = YES;
				CLANG_WARN_STRICT_PROTOTYPES = YES;
				CLANG_WARN_SUSPICIOUS_MOVE = YES;
				CLANG_WARN_UNGUARDED_AVAILABILITY = YES_AGGRESSIVE;
				CLANG_WARN_UNREACHABLE_CODE = YES;
				CLANG_WARN__DUPLICATE_METHOD_MATCH = YES;
				COPY_PHASE_STRIP = NO;
				DEBUG_INFORMATION_FORMAT = dwarf;
				ENABLE_STRICT_OBJC_MSGSEND = YES;
				ENABLE_TESTABILITY = YES;
				ENABLE_USER_SCRIPT_SANDBOXING = YES;
				GCC_C_LANGUAGE_STANDARD = gnu17;
				GCC_DYNAMIC_NO_PIC = NO;
				GCC_NO_COMMON_BLOCKS = YES;
				GCC_OPTIMIZATION_LEVEL = 0;
				GCC_PREPROCESSOR_DEFINITIONS = (
					"DEBUG=1",
					"$(inherited)",
				);
				GCC_WARN_64_TO_32_BIT_CONVERSION = YES;
				GCC_WARN_ABOUT_RETURN_TYPE = YES_ERROR;
				GCC_WARN_UNDECLARED_SELECTOR = YES;
				GCC_WARN_UNINITIALIZED_AUTOS = YES_AGGRESSIVE;
				GCC_WARN_UNUSED_FUNCTION = YES;
				GCC_WARN_UNUSED_VARIABLE = YES;
				IPHONEOS_DEPLOYMENT_TARGET = 17.4;
				LOCALIZATION_PREFERS_STRING_CATALOGS = YES;
				MTL_ENABLE_DEBUG_INFO = INCLUDE_SOURCE;
				MTL_FAST_MATH = YES;
				ONLY_ACTIVE_ARCH = YES;
				SDKROOT = iphoneos;
				SWIFT_ACTIVE_COMPILATION_CONDITIONS = "DEBUG $(inherited)";
				SWIFT_OPTIMIZATION_LEVEL = "-Onone";
			};
			name = Debug;
		};
		F99CB3CA2B9EBDEB000D7671 /* Release */ = {
			isa = XCBuildConfiguration;
			buildSettings = {
				ALWAYS_SEARCH_USER_PATHS = NO;
				ASSETCATALOG_COMPILER_GENERATE_SWIFT_ASSET_SYMBOL_EXTENSIONS = YES;
				CLANG_ANALYZER_NONNULL = YES;
				CLANG_ANALYZER_NUMBER_OBJECT_CONVERSION = YES_AGGRESSIVE;
				CLANG_CXX_LANGUAGE_STANDARD = "gnu++20";
				CLANG_ENABLE_MODULES = YES;
				CLANG_ENABLE_OBJC_ARC = YES;
				CLANG_ENABLE_OBJC_WEAK = YES;
				CLANG_WARN_BLOCK_CAPTURE_AUTORELEASING = YES;
				CLANG_WARN_BOOL_CONVERSION = YES;
				CLANG_WARN_COMMA = YES;
				CLANG_WARN_CONSTANT_CONVERSION = YES;
				CLANG_WARN_DEPRECATED_OBJC_IMPLEMENTATIONS = YES;
				CLANG_WARN_DIRECT_OBJC_ISA_USAGE = YES_ERROR;
				CLANG_WARN_DOCUMENTATION_COMMENTS = YES;
				CLANG_WARN_EMPTY_BODY = YES;
				CLANG_WARN_ENUM_CONVERSION = YES;
				CLANG_WARN_INFINITE_RECURSION = YES;
				CLANG_WARN_INT_CONVERSION = YES;
				CLANG_WARN_NON_LITERAL_NULL_CONVERSION = YES;
				CLANG_WARN_OBJC_IMPLICIT_RETAIN_SELF = YES;
				CLANG_WARN_OBJC_LITERAL_CONVERSION = YES;
				CLANG_WARN_OBJC_ROOT_CLASS = YES_ERROR;
				CLANG_WARN_QUOTED_INCLUDE_IN_FRAMEWORK_HEADER = YES;
				CLANG_WARN_RANGE_LOOP_ANALYSIS = YES;
				CLANG_WARN_STRICT_PROTOTYPES = YES;
				CLANG_WARN_SUSPICIOUS_MOVE = YES;
				CLANG_WARN_UNGUARDED_AVAILABILITY = YES_AGGRESSIVE;
				CLANG_WARN_UNREACHABLE_CODE = YES;
				CLANG_WARN__DUPLICATE_METHOD_MATCH = YES;
				COPY_PHASE_STRIP = NO;
				DEBUG_INFORMATION_FORMAT = "dwarf-with-dsym";
				ENABLE_NS_ASSERTIONS = NO;
				ENABLE_STRICT_OBJC_MSGSEND = YES;
				ENABLE_USER_SCRIPT_SANDBOXING = YES;
				GCC_C_LANGUAGE_STANDARD = gnu17;
				GCC_NO_COMMON_BLOCKS = YES;
				GCC_WARN_64_TO_32_BIT_CONVERSION = YES;
				GCC_WARN_ABOUT_RETURN_TYPE = YES_ERROR;
				GCC_WARN_UNDECLARED_SELECTOR = YES;
				GCC_WARN_UNINITIALIZED_AUTOS = YES_AGGRESSIVE;
				GCC_WARN_UNUSED_FUNCTION = YES;
				GCC_WARN_UNUSED_VARIABLE = YES;
				IPHONEOS_DEPLOYMENT_TARGET = 17.4;
				LOCALIZATION_PREFERS_STRING_CATALOGS = YES;
				MTL_ENABLE_DEBUG_INFO = NO;
				MTL_FAST_MATH = YES;
				SDKROOT = iphoneos;
				SWIFT_COMPILATION_MODE = wholemodule;
				VALIDATE_PRODUCT = YES;
			};
			name = Release;
		};
		F99CB3CC2B9EBDEB000D7671 /* Debug */ = {
			isa = XCBuildConfiguration;
			buildSettings = {
				ASSETCATALOG_COMPILER_APPICON_NAME = AppIcon;
				ASSETCATALOG_COMPILER_GLOBAL_ACCENT_COLOR_NAME = AccentColor;
				CODE_SIGN_STYLE = Automatic;
				CURRENT_PROJECT_VERSION = 1;
				DEVELOPMENT_ASSET_PATHS = "\"SwiftUI-Clone App/Preview Content\"";
				DEVELOPMENT_TEAM = 52TADTDD5Y;
				ENABLE_PREVIEWS = YES;
				GENERATE_INFOPLIST_FILE = YES;
				INFOPLIST_KEY_UIApplicationSceneManifest_Generation = YES;
				INFOPLIST_KEY_UIApplicationSupportsIndirectInputEvents = YES;
				INFOPLIST_KEY_UILaunchScreen_Generation = YES;
				INFOPLIST_KEY_UISupportedInterfaceOrientations_iPad = "UIInterfaceOrientationPortrait UIInterfaceOrientationPortraitUpsideDown UIInterfaceOrientationLandscapeLeft UIInterfaceOrientationLandscapeRight";
				INFOPLIST_KEY_UISupportedInterfaceOrientations_iPhone = "UIInterfaceOrientationPortrait UIInterfaceOrientationLandscapeLeft UIInterfaceOrientationLandscapeRight";
				LD_RUNPATH_SEARCH_PATHS = (
					"$(inherited)",
					"@executable_path/Frameworks",
				);
				MARKETING_VERSION = 1.0;
				PRODUCT_BUNDLE_IDENTIFIER = "kwangjo93.SwiftUI-Clone-App";
				PRODUCT_NAME = "$(TARGET_NAME)";
				SWIFT_EMIT_LOC_STRINGS = YES;
				SWIFT_VERSION = 5.0;
				TARGETED_DEVICE_FAMILY = "1,2";
			};
			name = Debug;
		};
		F99CB3CD2B9EBDEB000D7671 /* Release */ = {
			isa = XCBuildConfiguration;
			buildSettings = {
				ASSETCATALOG_COMPILER_APPICON_NAME = AppIcon;
				ASSETCATALOG_COMPILER_GLOBAL_ACCENT_COLOR_NAME = AccentColor;
				CODE_SIGN_STYLE = Automatic;
				CURRENT_PROJECT_VERSION = 1;
				DEVELOPMENT_ASSET_PATHS = "\"SwiftUI-Clone App/Preview Content\"";
				DEVELOPMENT_TEAM = 52TADTDD5Y;
				ENABLE_PREVIEWS = YES;
				GENERATE_INFOPLIST_FILE = YES;
				INFOPLIST_KEY_UIApplicationSceneManifest_Generation = YES;
				INFOPLIST_KEY_UIApplicationSupportsIndirectInputEvents = YES;
				INFOPLIST_KEY_UILaunchScreen_Generation = YES;
				INFOPLIST_KEY_UISupportedInterfaceOrientations_iPad = "UIInterfaceOrientationPortrait UIInterfaceOrientationPortraitUpsideDown UIInterfaceOrientationLandscapeLeft UIInterfaceOrientationLandscapeRight";
				INFOPLIST_KEY_UISupportedInterfaceOrientations_iPhone = "UIInterfaceOrientationPortrait UIInterfaceOrientationLandscapeLeft UIInterfaceOrientationLandscapeRight";
				LD_RUNPATH_SEARCH_PATHS = (
					"$(inherited)",
					"@executable_path/Frameworks",
				);
				MARKETING_VERSION = 1.0;
				PRODUCT_BUNDLE_IDENTIFIER = "kwangjo93.SwiftUI-Clone-App";
				PRODUCT_NAME = "$(TARGET_NAME)";
				SWIFT_EMIT_LOC_STRINGS = YES;
				SWIFT_VERSION = 5.0;
				TARGETED_DEVICE_FAMILY = "1,2";
			};
			name = Release;
		};
/* End XCBuildConfiguration section */

/* Begin XCConfigurationList section */
		F99CB3B82B9EBDEA000D7671 /* Build configuration list for PBXProject "SwiftUI-Clone App" */ = {
			isa = XCConfigurationList;
			buildConfigurations = (
				F99CB3C92B9EBDEB000D7671 /* Debug */,
				F99CB3CA2B9EBDEB000D7671 /* Release */,
			);
			defaultConfigurationIsVisible = 0;
			defaultConfigurationName = Release;
		};
		F99CB3CB2B9EBDEB000D7671 /* Build configuration list for PBXNativeTarget "SwiftUI-Clone App" */ = {
			isa = XCConfigurationList;
			buildConfigurations = (
				F99CB3CC2B9EBDEB000D7671 /* Debug */,
				F99CB3CD2B9EBDEB000D7671 /* Release */,
			);
			defaultConfigurationIsVisible = 0;
			defaultConfigurationName = Release;
		};
/* End XCConfigurationList section */
	};
	rootObject = F99CB3B52B9EBDEA000D7671 /* Project object */;
}
